<?xml version="1.0"?>
<plist version="1.0">
	<dict>
		<key>archiveVersion</key>
		<string>1</string>
		<key>classes</key>
		<dict />
		<key>objectVersion</key>
		<string>46</string>
		<key>objects</key>
		<dict>
			<key>EFD3C8DEC8AC1E496ED12477</key>
			<dict>
				<key>explicitFileType</key>
				<string>sourcecode.c.h</string>
				<key>fileEncoding</key>
				<string>30</string>
				<key>isa</key>
				<string>PBXFileReference</string>
				<key>name</key>
				<string>OscTypes.h</string>
				<key>path</key>
				<string>../../../../addons/ofxOsc/libs/oscpack/src/osc/OscTypes.h</string>
				<key>sourceTree</key>
				<string>SOURCE_ROOT</string>
			</dict>
			<key>3785A22B8EFBABBD7B23E6F2</key>
			<dict>
				<key>fileRef</key>
				<string>C43E8ABA65BC2F587109BB81</string>
				<key>isa</key>
				<string>PBXBuildFile</string>
			</dict>
			<key>C43E8ABA65BC2F587109BB81</key>
			<dict>
				<key>explicitFileType</key>
				<string>sourcecode.cpp.cpp</string>
				<key>fileEncoding</key>
				<string>30</string>
				<key>isa</key>
				<string>PBXFileReference</string>
				<key>name</key>
				<string>OscTypes.cpp</string>
				<key>path</key>
				<string>../../../../addons/ofxOsc/libs/oscpack/src/osc/OscTypes.cpp</string>
				<key>sourceTree</key>
				<string>SOURCE_ROOT</string>
			</dict>
			<key>51816F5C966D8691FC1FEEB5</key>
			<dict>
				<key>explicitFileType</key>
				<string>sourcecode.c.h</string>
				<key>fileEncoding</key>
				<string>30</string>
				<key>isa</key>
				<string>PBXFileReference</string>
				<key>name</key>
				<string>OscReceivedElements.h</string>
				<key>path</key>
				<string>../../../../addons/ofxOsc/libs/oscpack/src/osc/OscReceivedElements.h</string>
				<key>sourceTree</key>
				<string>SOURCE_ROOT</string>
			</dict>
			<key>7733102A165F3EF58830E0F0</key>
			<dict>
				<key>fileRef</key>
				<string>5396921922631D07ED73E029</string>
				<key>isa</key>
				<string>PBXBuildFile</string>
			</dict>
			<key>5396921922631D07ED73E029</key>
			<dict>
				<key>explicitFileType</key>
				<string>sourcecode.cpp.cpp</string>
				<key>fileEncoding</key>
				<string>30</string>
				<key>isa</key>
				<string>PBXFileReference</string>
				<key>name</key>
				<string>OscReceivedElements.cpp</string>
				<key>path</key>
				<string>../../../../addons/ofxOsc/libs/oscpack/src/osc/OscReceivedElements.cpp</string>
				<key>sourceTree</key>
				<string>SOURCE_ROOT</string>
			</dict>
			<key>DABBEE606E21A21F172F27D9</key>
			<dict>
				<key>explicitFileType</key>
				<string>sourcecode.c.h</string>
				<key>fileEncoding</key>
				<string>30</string>
				<key>isa</key>
				<string>PBXFileReference</string>
				<key>name</key>
				<string>OscPrintReceivedElements.h</string>
				<key>path</key>
				<string>../../../../addons/ofxOsc/libs/oscpack/src/osc/OscPrintReceivedElements.h</string>
				<key>sourceTree</key>
				<string>SOURCE_ROOT</string>
			</dict>
			<key>D942004DA1801633AB1BC2BA</key>
			<dict>
				<key>fileRef</key>
				<string>E81AB65E37D792C4379AF07E</string>
				<key>isa</key>
				<string>PBXBuildFile</string>
			</dict>
			<key>E81AB65E37D792C4379AF07E</key>
			<dict>
				<key>explicitFileType</key>
				<string>sourcecode.cpp.cpp</string>
				<key>fileEncoding</key>
				<string>30</string>
				<key>isa</key>
				<string>PBXFileReference</string>
				<key>name</key>
				<string>OscPrintReceivedElements.cpp</string>
				<key>path</key>
				<string>../../../../addons/ofxOsc/libs/oscpack/src/osc/OscPrintReceivedElements.cpp</string>
				<key>sourceTree</key>
				<string>SOURCE_ROOT</string>
			</dict>
			<key>AFD0FF7CBBA902548DC9C3F0</key>
			<dict>
				<key>explicitFileType</key>
				<string>sourcecode.c.h</string>
				<key>fileEncoding</key>
				<string>30</string>
				<key>isa</key>
				<string>PBXFileReference</string>
				<key>name</key>
				<string>OscPacketListener.h</string>
				<key>path</key>
				<string>../../../../addons/ofxOsc/libs/oscpack/src/osc/OscPacketListener.h</string>
				<key>sourceTree</key>
				<string>SOURCE_ROOT</string>
			</dict>
			<key>127D584D16F73D5B63B4DBA7</key>
			<dict>
				<key>explicitFileType</key>
				<string>sourcecode.c.h</string>
				<key>fileEncoding</key>
				<string>30</string>
				<key>isa</key>
				<string>PBXFileReference</string>
				<key>name</key>
				<string>OscOutboundPacketStream.h</string>
				<key>path</key>
				<string>../../../../addons/ofxOsc/libs/oscpack/src/osc/OscOutboundPacketStream.h</string>
				<key>sourceTree</key>
				<string>SOURCE_ROOT</string>
			</dict>
			<key>2E00B1C9F92029E297DD0B76</key>
			<dict>
				<key>fileRef</key>
				<string>9C39518DE24A425946C33597</string>
				<key>isa</key>
				<string>PBXBuildFile</string>
			</dict>
			<key>9C39518DE24A425946C33597</key>
			<dict>
				<key>explicitFileType</key>
				<string>sourcecode.cpp.cpp</string>
				<key>fileEncoding</key>
				<string>30</string>
				<key>isa</key>
				<string>PBXFileReference</string>
				<key>name</key>
				<string>OscOutboundPacketStream.cpp</string>
				<key>path</key>
				<string>../../../../addons/ofxOsc/libs/oscpack/src/osc/OscOutboundPacketStream.cpp</string>
				<key>sourceTree</key>
				<string>SOURCE_ROOT</string>
			</dict>
			<key>986B11F04FE0ADAF4674F4DA</key>
			<dict>
				<key>explicitFileType</key>
				<string>sourcecode.c.h</string>
				<key>fileEncoding</key>
				<string>30</string>
				<key>isa</key>
				<string>PBXFileReference</string>
				<key>name</key>
				<string>OscHostEndianness.h</string>
				<key>path</key>
				<string>../../../../addons/ofxOsc/libs/oscpack/src/osc/OscHostEndianness.h</string>
				<key>sourceTree</key>
				<string>SOURCE_ROOT</string>
			</dict>
			<key>3E2AAA64E886DE788C3DADE0</key>
			<dict>
				<key>explicitFileType</key>
				<string>sourcecode.c.h</string>
				<key>fileEncoding</key>
				<string>30</string>
				<key>isa</key>
				<string>PBXFileReference</string>
				<key>name</key>
				<string>OscException.h</string>
				<key>path</key>
				<string>../../../../addons/ofxOsc/libs/oscpack/src/osc/OscException.h</string>
				<key>sourceTree</key>
				<string>SOURCE_ROOT</string>
			</dict>
			<key>30CB364908817057B430D528</key>
			<dict>
				<key>children</key>
				<array>
					<string>86F1E65C78609217A2F45F29</string>
					<string>3E2AAA64E886DE788C3DADE0</string>
					<string>986B11F04FE0ADAF4674F4DA</string>
					<string>9C39518DE24A425946C33597</string>
					<string>127D584D16F73D5B63B4DBA7</string>
					<string>AFD0FF7CBBA902548DC9C3F0</string>
					<string>E81AB65E37D792C4379AF07E</string>
					<string>DABBEE606E21A21F172F27D9</string>
					<string>5396921922631D07ED73E029</string>
					<string>51816F5C966D8691FC1FEEB5</string>
					<string>C43E8ABA65BC2F587109BB81</string>
					<string>EFD3C8DEC8AC1E496ED12477</string>
				</array>
				<key>isa</key>
				<string>PBXGroup</string>
				<key>name</key>
				<string>osc</string>
				<key>sourceTree</key>
				<string>&lt;group&gt;</string>
			</dict>
			<key>86F1E65C78609217A2F45F29</key>
			<dict>
				<key>explicitFileType</key>
				<string>sourcecode.c.h</string>
				<key>fileEncoding</key>
				<string>30</string>
				<key>isa</key>
				<string>PBXFileReference</string>
				<key>name</key>
				<string>MessageMappingOscPacketListener.h</string>
				<key>path</key>
				<string>../../../../addons/ofxOsc/libs/oscpack/src/osc/MessageMappingOscPacketListener.h</string>
				<key>sourceTree</key>
				<string>SOURCE_ROOT</string>
			</dict>
			<key>AB061C43A17E25DE3B272134</key>
			<dict>
				<key>explicitFileType</key>
				<string>sourcecode.c.h</string>
				<key>fileEncoding</key>
				<string>30</string>
				<key>isa</key>
				<string>PBXFileReference</string>
				<key>name</key>
				<string>UdpSocket.h</string>
				<key>path</key>
				<string>../../../../addons/ofxOsc/libs/oscpack/src/ip/UdpSocket.h</string>
				<key>sourceTree</key>
				<string>SOURCE_ROOT</string>
			</dict>
			<key>5BEF8D582E6BEB441C005898</key>
			<dict>
				<key>explicitFileType</key>
				<string>sourcecode.c.h</string>
				<key>fileEncoding</key>
				<string>30</string>
				<key>isa</key>
				<string>PBXFileReference</string>
				<key>name</key>
				<string>TimerListener.h</string>
				<key>path</key>
				<string>../../../../addons/ofxOsc/libs/oscpack/src/ip/TimerListener.h</string>
				<key>sourceTree</key>
				<string>SOURCE_ROOT</string>
			</dict>
			<key>DD640E91A59C500218580845</key>
			<dict>
				<key>fileRef</key>
				<string>D300779D8EA18015CFE4B288</string>
				<key>isa</key>
				<string>PBXBuildFile</string>
			</dict>
			<key>D300779D8EA18015CFE4B288</key>
			<dict>
				<key>explicitFileType</key>
				<string>sourcecode.cpp.cpp</string>
				<key>fileEncoding</key>
				<string>30</string>
				<key>isa</key>
				<string>PBXFileReference</string>
				<key>name</key>
				<string>UdpSocket.cpp</string>
				<key>path</key>
				<string>../../../../addons/ofxOsc/libs/oscpack/src/ip/posix/UdpSocket.cpp</string>
				<key>sourceTree</key>
				<string>SOURCE_ROOT</string>
			</dict>
			<key>641362CA659FAFEE4E81001B</key>
			<dict>
				<key>children</key>
				<array>
					<string>03D40937B60244A577063F86</string>
					<string>D300779D8EA18015CFE4B288</string>
				</array>
				<key>isa</key>
				<string>PBXGroup</string>
				<key>name</key>
				<string>posix</string>
				<key>sourceTree</key>
				<string>&lt;group&gt;</string>
			</dict>
			<key>C9AAB1E719BC2B1B5B42DD97</key>
			<dict>
				<key>fileRef</key>
				<string>03D40937B60244A577063F86</string>
				<key>isa</key>
				<string>PBXBuildFile</string>
			</dict>
			<key>03D40937B60244A577063F86</key>
			<dict>
				<key>explicitFileType</key>
				<string>sourcecode.cpp.cpp</string>
				<key>fileEncoding</key>
				<string>30</string>
				<key>isa</key>
				<string>PBXFileReference</string>
				<key>name</key>
				<string>NetworkingUtils.cpp</string>
				<key>path</key>
				<string>../../../../addons/ofxOsc/libs/oscpack/src/ip/posix/NetworkingUtils.cpp</string>
				<key>sourceTree</key>
				<string>SOURCE_ROOT</string>
			</dict>
			<key>0B67F6D17CF69FC935590AE4</key>
			<dict>
				<key>explicitFileType</key>
				<string>sourcecode.c.h</string>
				<key>fileEncoding</key>
				<string>30</string>
				<key>isa</key>
				<string>PBXFileReference</string>
				<key>name</key>
				<string>PacketListener.h</string>
				<key>path</key>
				<string>../../../../addons/ofxOsc/libs/oscpack/src/ip/PacketListener.h</string>
				<key>sourceTree</key>
				<string>SOURCE_ROOT</string>
			</dict>
			<key>3BAF62549ABF96BF54517EF2</key>
			<dict>
				<key>explicitFileType</key>
				<string>sourcecode.c.h</string>
				<key>fileEncoding</key>
				<string>30</string>
				<key>isa</key>
				<string>PBXFileReference</string>
				<key>name</key>
				<string>NetworkingUtils.h</string>
				<key>path</key>
				<string>../../../../addons/ofxOsc/libs/oscpack/src/ip/NetworkingUtils.h</string>
				<key>sourceTree</key>
				<string>SOURCE_ROOT</string>
			</dict>
			<key>BA206DBCB429B6E43D918EB6</key>
			<dict>
				<key>explicitFileType</key>
				<string>sourcecode.c.h</string>
				<key>fileEncoding</key>
				<string>30</string>
				<key>isa</key>
				<string>PBXFileReference</string>
				<key>name</key>
				<string>IpEndpointName.h</string>
				<key>path</key>
				<string>../../../../addons/ofxOsc/libs/oscpack/src/ip/IpEndpointName.h</string>
				<key>sourceTree</key>
				<string>SOURCE_ROOT</string>
			</dict>
			<key>FF8CDF57858E9B94E3237115</key>
			<dict>
				<key>children</key>
				<array>
					<string>61BE6704D365B28894FAF7D2</string>
					<string>BA206DBCB429B6E43D918EB6</string>
					<string>3BAF62549ABF96BF54517EF2</string>
					<string>0B67F6D17CF69FC935590AE4</string>
					<string>641362CA659FAFEE4E81001B</string>
					<string>5BEF8D582E6BEB441C005898</string>
					<string>AB061C43A17E25DE3B272134</string>
				</array>
				<key>isa</key>
				<string>PBXGroup</string>
				<key>name</key>
				<string>ip</string>
				<key>sourceTree</key>
				<string>&lt;group&gt;</string>
			</dict>
			<key>D27B2221A225CA523C019676</key>
			<dict>
				<key>children</key>
				<array>
					<string>FF8CDF57858E9B94E3237115</string>
					<string>30CB364908817057B430D528</string>
				</array>
				<key>isa</key>
				<string>PBXGroup</string>
				<key>name</key>
				<string>src</string>
				<key>sourceTree</key>
				<string>&lt;group&gt;</string>
			</dict>
			<key>86D2677079A3AF4A5A88E29A</key>
			<dict>
				<key>children</key>
				<array>
					<string>D27B2221A225CA523C019676</string>
				</array>
				<key>isa</key>
				<string>PBXGroup</string>
				<key>name</key>
				<string>oscpack</string>
				<key>sourceTree</key>
				<string>&lt;group&gt;</string>
			</dict>
			<key>38871A5825686AE018EC2BF0</key>
			<dict>
				<key>children</key>
				<array>
					<string>86D2677079A3AF4A5A88E29A</string>
				</array>
				<key>isa</key>
				<string>PBXGroup</string>
				<key>name</key>
				<string>libs</string>
				<key>sourceTree</key>
				<string>&lt;group&gt;</string>
			</dict>
			<key>1C19ABCBD11F1508A4A783F7</key>
			<dict>
				<key>fileRef</key>
				<string>61BE6704D365B28894FAF7D2</string>
				<key>isa</key>
				<string>PBXBuildFile</string>
			</dict>
			<key>61BE6704D365B28894FAF7D2</key>
			<dict>
				<key>explicitFileType</key>
				<string>sourcecode.cpp.cpp</string>
				<key>fileEncoding</key>
				<string>30</string>
				<key>isa</key>
				<string>PBXFileReference</string>
				<key>name</key>
				<string>IpEndpointName.cpp</string>
				<key>path</key>
				<string>../../../../addons/ofxOsc/libs/oscpack/src/ip/IpEndpointName.cpp</string>
				<key>sourceTree</key>
				<string>SOURCE_ROOT</string>
			</dict>
			<key>CB498DF1275B3DB641D78AFB</key>
			<dict>
				<key>explicitFileType</key>
				<string>sourcecode.c.h</string>
				<key>fileEncoding</key>
				<string>30</string>
				<key>isa</key>
				<string>PBXFileReference</string>
				<key>name</key>
				<string>ofxOscSender.h</string>
				<key>path</key>
				<string>../../../../addons/ofxOsc/src/ofxOscSender.h</string>
				<key>sourceTree</key>
				<string>SOURCE_ROOT</string>
			</dict>
			<key>F0A819AFAF20263BEA98163D</key>
			<dict>
				<key>fileRef</key>
				<string>CFC50EEC7E148135A6A0B205</string>
				<key>isa</key>
				<string>PBXBuildFile</string>
			</dict>
			<key>CFC50EEC7E148135A6A0B205</key>
			<dict>
				<key>explicitFileType</key>
				<string>sourcecode.cpp.cpp</string>
				<key>fileEncoding</key>
				<string>30</string>
				<key>isa</key>
				<string>PBXFileReference</string>
				<key>name</key>
				<string>ofxOscSender.cpp</string>
				<key>path</key>
				<string>../../../../addons/ofxOsc/src/ofxOscSender.cpp</string>
				<key>sourceTree</key>
				<string>SOURCE_ROOT</string>
			</dict>
			<key>98D06015E5E7EDF1E32B8434</key>
			<dict>
				<key>explicitFileType</key>
				<string>sourcecode.c.h</string>
				<key>fileEncoding</key>
				<string>30</string>
				<key>isa</key>
				<string>PBXFileReference</string>
				<key>name</key>
				<string>ofxOscReceiver.h</string>
				<key>path</key>
				<string>../../../../addons/ofxOsc/src/ofxOscReceiver.h</string>
				<key>sourceTree</key>
				<string>SOURCE_ROOT</string>
			</dict>
			<key>916A506838DC204FEFBA4813</key>
			<dict>
				<key>fileRef</key>
				<string>79C364D74DEFBABA08E4E9A2</string>
				<key>isa</key>
				<string>PBXBuildFile</string>
			</dict>
			<key>79C364D74DEFBABA08E4E9A2</key>
			<dict>
				<key>explicitFileType</key>
				<string>sourcecode.cpp.cpp</string>
				<key>fileEncoding</key>
				<string>30</string>
				<key>isa</key>
				<string>PBXFileReference</string>
				<key>name</key>
				<string>ofxOscReceiver.cpp</string>
				<key>path</key>
				<string>../../../../addons/ofxOsc/src/ofxOscReceiver.cpp</string>
				<key>sourceTree</key>
				<string>SOURCE_ROOT</string>
			</dict>
			<key>B182CF44EE825D2DC9BE79CF</key>
			<dict>
				<key>explicitFileType</key>
				<string>sourcecode.c.h</string>
				<key>fileEncoding</key>
				<string>30</string>
				<key>isa</key>
				<string>PBXFileReference</string>
				<key>name</key>
				<string>ofxOscParameterSync.h</string>
				<key>path</key>
				<string>../../../../addons/ofxOsc/src/ofxOscParameterSync.h</string>
				<key>sourceTree</key>
				<string>SOURCE_ROOT</string>
			</dict>
			<key>B1ACDFF67F1AB40792F7E3C0</key>
			<dict>
				<key>fileRef</key>
				<string>08BF3ADD532836850D8C5AF3</string>
				<key>isa</key>
				<string>PBXBuildFile</string>
			</dict>
			<key>08BF3ADD532836850D8C5AF3</key>
			<dict>
				<key>explicitFileType</key>
				<string>sourcecode.cpp.cpp</string>
				<key>fileEncoding</key>
				<string>30</string>
				<key>isa</key>
				<string>PBXFileReference</string>
				<key>name</key>
				<string>ofxOscParameterSync.cpp</string>
				<key>path</key>
				<string>../../../../addons/ofxOsc/src/ofxOscParameterSync.cpp</string>
				<key>sourceTree</key>
				<string>SOURCE_ROOT</string>
			</dict>
			<key>10BA005287E5672C6BCB30E8</key>
			<dict>
				<key>explicitFileType</key>
				<string>sourcecode.c.h</string>
				<key>fileEncoding</key>
				<string>30</string>
				<key>isa</key>
				<string>PBXFileReference</string>
				<key>name</key>
				<string>ofxOscMessage.h</string>
				<key>path</key>
				<string>../../../../addons/ofxOsc/src/ofxOscMessage.h</string>
				<key>sourceTree</key>
				<string>SOURCE_ROOT</string>
			</dict>
			<key>16AD2690D75611A44CAA2672</key>
			<dict>
				<key>fileRef</key>
				<string>CEB31FBF6A782B7A24AF8C7B</string>
				<key>isa</key>
				<string>PBXBuildFile</string>
			</dict>
			<key>CEB31FBF6A782B7A24AF8C7B</key>
			<dict>
				<key>explicitFileType</key>
				<string>sourcecode.cpp.cpp</string>
				<key>fileEncoding</key>
				<string>30</string>
				<key>isa</key>
				<string>PBXFileReference</string>
				<key>name</key>
				<string>ofxOscMessage.cpp</string>
				<key>path</key>
				<string>../../../../addons/ofxOsc/src/ofxOscMessage.cpp</string>
				<key>sourceTree</key>
				<string>SOURCE_ROOT</string>
			</dict>
			<key>E1181160138789363A7B02FE</key>
			<dict>
				<key>explicitFileType</key>
				<string>sourcecode.c.h</string>
				<key>fileEncoding</key>
				<string>30</string>
				<key>isa</key>
				<string>PBXFileReference</string>
				<key>name</key>
				<string>ofxOscBundle.h</string>
				<key>path</key>
				<string>../../../../addons/ofxOsc/src/ofxOscBundle.h</string>
				<key>sourceTree</key>
				<string>SOURCE_ROOT</string>
			</dict>
			<key>DBD76DE6D65C641C5A68C83B</key>
			<dict>
				<key>fileRef</key>
				<string>DE57F9D8345EAB6D75668D42</string>
				<key>isa</key>
				<string>PBXBuildFile</string>
			</dict>
			<key>DE57F9D8345EAB6D75668D42</key>
			<dict>
				<key>explicitFileType</key>
				<string>sourcecode.cpp.cpp</string>
				<key>fileEncoding</key>
				<string>30</string>
				<key>isa</key>
				<string>PBXFileReference</string>
				<key>name</key>
				<string>ofxOscBundle.cpp</string>
				<key>path</key>
				<string>../../../../addons/ofxOsc/src/ofxOscBundle.cpp</string>
				<key>sourceTree</key>
				<string>SOURCE_ROOT</string>
			</dict>
			<key>DB9DBA95611EB84837784414</key>
			<dict>
				<key>explicitFileType</key>
				<string>sourcecode.c.h</string>
				<key>fileEncoding</key>
				<string>30</string>
				<key>isa</key>
				<string>PBXFileReference</string>
				<key>name</key>
				<string>ofxOscArg.h</string>
				<key>path</key>
				<string>../../../../addons/ofxOsc/src/ofxOscArg.h</string>
				<key>sourceTree</key>
				<string>SOURCE_ROOT</string>
			</dict>
			<key>BD2F1A9F8D0C05EDB29122D0</key>
			<dict>
				<key>children</key>
				<array>
					<string>CC6D7F3D4FF6B8AF7A10732F</string>
					<string>DB9DBA95611EB84837784414</string>
					<string>DE57F9D8345EAB6D75668D42</string>
					<string>E1181160138789363A7B02FE</string>
					<string>CEB31FBF6A782B7A24AF8C7B</string>
					<string>10BA005287E5672C6BCB30E8</string>
					<string>08BF3ADD532836850D8C5AF3</string>
					<string>B182CF44EE825D2DC9BE79CF</string>
					<string>79C364D74DEFBABA08E4E9A2</string>
					<string>98D06015E5E7EDF1E32B8434</string>
					<string>CFC50EEC7E148135A6A0B205</string>
					<string>CB498DF1275B3DB641D78AFB</string>
				</array>
				<key>isa</key>
				<string>PBXGroup</string>
				<key>name</key>
				<string>src</string>
				<key>sourceTree</key>
				<string>&lt;group&gt;</string>
			</dict>
			<key>E6053AB7FEC63D5F83825B88</key>
			<dict>
				<key>children</key>
				<array>
					<string>BD2F1A9F8D0C05EDB29122D0</string>
					<string>38871A5825686AE018EC2BF0</string>
				</array>
				<key>isa</key>
				<string>PBXGroup</string>
				<key>name</key>
				<string>ofxOsc</string>
				<key>sourceTree</key>
				<string>&lt;group&gt;</string>
			</dict>
			<key>CC6D7F3D4FF6B8AF7A10732F</key>
			<dict>
				<key>explicitFileType</key>
				<string>sourcecode.c.h</string>
				<key>fileEncoding</key>
				<string>30</string>
				<key>isa</key>
				<string>PBXFileReference</string>
				<key>name</key>
				<string>ofxOsc.h</string>
				<key>path</key>
				<string>../../../../addons/ofxOsc/src/ofxOsc.h</string>
				<key>sourceTree</key>
				<string>SOURCE_ROOT</string>
			</dict>
			<key>918AA1F62C350655D59CAECA</key>
			<dict>
				<key>explicitFileType</key>
				<string>sourcecode.c.h</string>
				<key>fileEncoding</key>
				<string>30</string>
				<key>isa</key>
				<string>PBXFileReference</string>
				<key>name</key>
				<string>stb_vorbis.h</string>
				<key>path</key>
				<string>../../../../addons/ofxMaxim/libs/stb_vorbis.h</string>
				<key>sourceTree</key>
				<string>SOURCE_ROOT</string>
			</dict>
			<key>3AFFCFF8C768C8D43B63FE35</key>
			<dict>
				<key>fileRef</key>
				<string>5A1ACE9DD1D116040CD48B55</string>
				<key>isa</key>
				<string>PBXBuildFile</string>
			</dict>
			<key>5A1ACE9DD1D116040CD48B55</key>
			<dict>
				<key>explicitFileType</key>
				<string>sourcecode.c.c</string>
				<key>fileEncoding</key>
				<string>30</string>
				<key>isa</key>
				<string>PBXFileReference</string>
				<key>name</key>
				<string>stb_vorbis.c</string>
				<key>path</key>
				<string>../../../../addons/ofxMaxim/libs/stb_vorbis.c</string>
				<key>sourceTree</key>
				<string>SOURCE_ROOT</string>
			</dict>
			<key>BAD3EA1F59222C392506DBD1</key>
			<dict>
				<key>explicitFileType</key>
				<string>sourcecode.c.h</string>
				<key>fileEncoding</key>
				<string>30</string>
				<key>isa</key>
				<string>PBXFileReference</string>
				<key>name</key>
				<string>sineTable.h</string>
				<key>path</key>
				<string>../../../../addons/ofxMaxim/libs/sineTable.h</string>
				<key>sourceTree</key>
				<string>SOURCE_ROOT</string>
			</dict>
			<key>CD40417B6212DF5BBBFCF0CC</key>
			<dict>
				<key>explicitFileType</key>
				<string>sourcecode.c.h</string>
				<key>fileEncoding</key>
				<string>30</string>
				<key>isa</key>
				<string>PBXFileReference</string>
				<key>name</key>
				<string>maximilian.h</string>
				<key>path</key>
				<string>../../../../addons/ofxMaxim/libs/maximilian.h</string>
				<key>sourceTree</key>
				<string>SOURCE_ROOT</string>
			</dict>
			<key>28DCCF9EB3A13C74EC4F5B5D</key>
			<dict>
				<key>fileRef</key>
				<string>A7A4A60512EA2745654A81E9</string>
				<key>isa</key>
				<string>PBXBuildFile</string>
			</dict>
			<key>A7A4A60512EA2745654A81E9</key>
			<dict>
				<key>explicitFileType</key>
				<string>sourcecode.cpp.cpp</string>
				<key>fileEncoding</key>
				<string>30</string>
				<key>isa</key>
				<string>PBXFileReference</string>
				<key>name</key>
				<string>maximilian.cpp</string>
				<key>path</key>
				<string>../../../../addons/ofxMaxim/libs/maximilian.cpp</string>
				<key>sourceTree</key>
				<string>SOURCE_ROOT</string>
			</dict>
			<key>9CA9E26B46B35A6108C95447</key>
			<dict>
				<key>explicitFileType</key>
				<string>sourcecode.c.h</string>
				<key>fileEncoding</key>
				<string>30</string>
				<key>isa</key>
				<string>PBXFileReference</string>
				<key>name</key>
				<string>maxiMFCC.h</string>
				<key>path</key>
				<string>../../../../addons/ofxMaxim/libs/maxiMFCC.h</string>
				<key>sourceTree</key>
				<string>SOURCE_ROOT</string>
			</dict>
			<key>951E3FED583F799D786788B6</key>
			<dict>
				<key>fileRef</key>
				<string>9301343F6639EF2AC09A3F99</string>
				<key>isa</key>
				<string>PBXBuildFile</string>
			</dict>
			<key>9301343F6639EF2AC09A3F99</key>
			<dict>
				<key>explicitFileType</key>
				<string>sourcecode.cpp.cpp</string>
				<key>fileEncoding</key>
				<string>30</string>
				<key>isa</key>
				<string>PBXFileReference</string>
				<key>name</key>
				<string>maxiMFCC.cpp</string>
				<key>path</key>
				<string>../../../../addons/ofxMaxim/libs/maxiMFCC.cpp</string>
				<key>sourceTree</key>
				<string>SOURCE_ROOT</string>
			</dict>
			<key>530D76937E0D3617AAB811CE</key>
			<dict>
				<key>explicitFileType</key>
				<string>sourcecode.c.h</string>
				<key>fileEncoding</key>
				<string>30</string>
				<key>isa</key>
				<string>PBXFileReference</string>
				<key>name</key>
				<string>maxiGrains.h</string>
				<key>path</key>
				<string>../../../../addons/ofxMaxim/libs/maxiGrains.h</string>
				<key>sourceTree</key>
				<string>SOURCE_ROOT</string>
			</dict>
			<key>E283EA0567C0E25981F9375B</key>
			<dict>
				<key>fileRef</key>
				<string>FE9C5FE60EEA8C24EC490224</string>
				<key>isa</key>
				<string>PBXBuildFile</string>
			</dict>
			<key>FE9C5FE60EEA8C24EC490224</key>
			<dict>
				<key>explicitFileType</key>
				<string>sourcecode.cpp.cpp</string>
				<key>fileEncoding</key>
				<string>30</string>
				<key>isa</key>
				<string>PBXFileReference</string>
				<key>name</key>
				<string>maxiGrains.cpp</string>
				<key>path</key>
				<string>../../../../addons/ofxMaxim/libs/maxiGrains.cpp</string>
				<key>sourceTree</key>
				<string>SOURCE_ROOT</string>
			</dict>
			<key>3CBDEFAE14F0BE20FF1365C8</key>
			<dict>
				<key>explicitFileType</key>
				<string>sourcecode.c.h</string>
				<key>fileEncoding</key>
				<string>30</string>
				<key>isa</key>
				<string>PBXFileReference</string>
				<key>name</key>
				<string>maxiFFT.h</string>
				<key>path</key>
				<string>../../../../addons/ofxMaxim/libs/maxiFFT.h</string>
				<key>sourceTree</key>
				<string>SOURCE_ROOT</string>
			</dict>
			<key>2B66E4AC1854CBFA1FE4CF36</key>
			<dict>
				<key>fileRef</key>
				<string>686FCCDDB440D3037FE997BB</string>
				<key>isa</key>
				<string>PBXBuildFile</string>
			</dict>
			<key>686FCCDDB440D3037FE997BB</key>
			<dict>
				<key>explicitFileType</key>
				<string>sourcecode.cpp.cpp</string>
				<key>fileEncoding</key>
				<string>30</string>
				<key>isa</key>
				<string>PBXFileReference</string>
				<key>name</key>
				<string>maxiFFT.cpp</string>
				<key>path</key>
				<string>../../../../addons/ofxMaxim/libs/maxiFFT.cpp</string>
				<key>sourceTree</key>
				<string>SOURCE_ROOT</string>
			</dict>
			<key>8D3666C914F2B4F5658C905B</key>
			<dict>
				<key>explicitFileType</key>
				<string>sourcecode.c.h</string>
				<key>fileEncoding</key>
				<string>30</string>
				<key>isa</key>
				<string>PBXFileReference</string>
				<key>name</key>
				<string>maxiBark.h</string>
				<key>path</key>
				<string>../../../../addons/ofxMaxim/libs/maxiBark.h</string>
				<key>sourceTree</key>
				<string>SOURCE_ROOT</string>
			</dict>
			<key>1ABE3984AC73546081D1CB32</key>
			<dict>
				<key>fileRef</key>
				<string>24B76266A7ADF3F51482DA45</string>
				<key>isa</key>
				<string>PBXBuildFile</string>
			</dict>
			<key>24B76266A7ADF3F51482DA45</key>
			<dict>
				<key>explicitFileType</key>
				<string>sourcecode.cpp.cpp</string>
				<key>fileEncoding</key>
				<string>30</string>
				<key>isa</key>
				<string>PBXFileReference</string>
				<key>name</key>
				<string>maxiBark.cpp</string>
				<key>path</key>
				<string>../../../../addons/ofxMaxim/libs/maxiBark.cpp</string>
				<key>sourceTree</key>
				<string>SOURCE_ROOT</string>
			</dict>
			<key>C5D294ED93733F1BF93F1204</key>
			<dict>
				<key>explicitFileType</key>
				<string>sourcecode.c.h</string>
				<key>fileEncoding</key>
				<string>30</string>
				<key>isa</key>
				<string>PBXFileReference</string>
				<key>name</key>
				<string>maxiAtoms.h</string>
				<key>path</key>
				<string>../../../../addons/ofxMaxim/libs/maxiAtoms.h</string>
				<key>sourceTree</key>
				<string>SOURCE_ROOT</string>
			</dict>
			<key>E9FCB084E9CF8AF2C060BD74</key>
			<dict>
				<key>fileRef</key>
				<string>670D8256D4109E665EF9FD25</string>
				<key>isa</key>
				<string>PBXBuildFile</string>
			</dict>
			<key>670D8256D4109E665EF9FD25</key>
			<dict>
				<key>explicitFileType</key>
				<string>sourcecode.cpp.cpp</string>
				<key>fileEncoding</key>
				<string>30</string>
				<key>isa</key>
				<string>PBXFileReference</string>
				<key>name</key>
				<string>maxiAtoms.cpp</string>
				<key>path</key>
				<string>../../../../addons/ofxMaxim/libs/maxiAtoms.cpp</string>
				<key>sourceTree</key>
				<string>SOURCE_ROOT</string>
			</dict>
			<key>B1F4FFB838D66CED75E45E1A</key>
			<dict>
				<key>explicitFileType</key>
				<string>sourcecode.c.h</string>
				<key>fileEncoding</key>
				<string>30</string>
				<key>isa</key>
				<string>PBXFileReference</string>
				<key>name</key>
				<string>fft.h</string>
				<key>path</key>
				<string>../../../../addons/ofxMaxim/libs/fft.h</string>
				<key>sourceTree</key>
				<string>SOURCE_ROOT</string>
			</dict>
			<key>4ACC32F17B7623DA048865D1</key>
			<dict>
				<key>children</key>
				<array>
					<string>18F9155ADD6C8C35F753AAD0</string>
					<string>B1F4FFB838D66CED75E45E1A</string>
					<string>670D8256D4109E665EF9FD25</string>
					<string>C5D294ED93733F1BF93F1204</string>
					<string>24B76266A7ADF3F51482DA45</string>
					<string>8D3666C914F2B4F5658C905B</string>
					<string>686FCCDDB440D3037FE997BB</string>
					<string>3CBDEFAE14F0BE20FF1365C8</string>
					<string>FE9C5FE60EEA8C24EC490224</string>
					<string>530D76937E0D3617AAB811CE</string>
					<string>9301343F6639EF2AC09A3F99</string>
					<string>9CA9E26B46B35A6108C95447</string>
					<string>A7A4A60512EA2745654A81E9</string>
					<string>CD40417B6212DF5BBBFCF0CC</string>
					<string>BAD3EA1F59222C392506DBD1</string>
					<string>5A1ACE9DD1D116040CD48B55</string>
					<string>918AA1F62C350655D59CAECA</string>
				</array>
				<key>isa</key>
				<string>PBXGroup</string>
				<key>name</key>
				<string>libs</string>
				<key>sourceTree</key>
				<string>&lt;group&gt;</string>
			</dict>
			<key>9ED839A01EE9F92876D94C1F</key>
			<dict>
				<key>fileRef</key>
				<string>18F9155ADD6C8C35F753AAD0</string>
				<key>isa</key>
				<string>PBXBuildFile</string>
			</dict>
			<key>18F9155ADD6C8C35F753AAD0</key>
			<dict>
				<key>explicitFileType</key>
				<string>sourcecode.cpp.cpp</string>
				<key>fileEncoding</key>
				<string>30</string>
				<key>isa</key>
				<string>PBXFileReference</string>
				<key>name</key>
				<string>fft.cpp</string>
				<key>path</key>
				<string>../../../../addons/ofxMaxim/libs/fft.cpp</string>
				<key>sourceTree</key>
				<string>SOURCE_ROOT</string>
			</dict>
			<key>8F6BFB59AB6D0A458C2F3C53</key>
			<dict>
				<key>children</key>
				<array>
					<string>5CAD1541A2D939B21994661D</string>
				</array>
				<key>isa</key>
				<string>PBXGroup</string>
				<key>name</key>
				<string>src</string>
				<key>sourceTree</key>
				<string>&lt;group&gt;</string>
			</dict>
			<key>6234D3BCE87D1C3BA2230F19</key>
			<dict>
				<key>children</key>
				<array>
					<string>8F6BFB59AB6D0A458C2F3C53</string>
					<string>4ACC32F17B7623DA048865D1</string>
				</array>
				<key>isa</key>
				<string>PBXGroup</string>
				<key>name</key>
				<string>ofxMaxim</string>
				<key>sourceTree</key>
				<string>&lt;group&gt;</string>
			</dict>
			<key>5CAD1541A2D939B21994661D</key>
			<dict>
				<key>explicitFileType</key>
				<string>sourcecode.c.h</string>
				<key>fileEncoding</key>
				<string>30</string>
				<key>isa</key>
				<string>PBXFileReference</string>
				<key>name</key>
				<string>ofxMaxim.h</string>
				<key>path</key>
				<string>../../../../addons/ofxMaxim/src/ofxMaxim.h</string>
				<key>sourceTree</key>
				<string>SOURCE_ROOT</string>
			</dict>
			<key>DD1DB06DFBA6910C122313F5</key>
			<dict>
				<key>explicitFileType</key>
				<string>sourcecode.c.h</string>
				<key>fileEncoding</key>
				<string>30</string>
				<key>isa</key>
				<string>PBXFileReference</string>
				<key>name</key>
				<string>ofxAVUIVisualWave.h</string>
				<key>path</key>
				<string>../../../../addons/ofxAVUI/src/visual/ofxAVUIVisualWave.h</string>
				<key>sourceTree</key>
				<string>SOURCE_ROOT</string>
			</dict>
			<key>6E5C969FA4F4194F6F8C9A19</key>
			<dict>
				<key>fileRef</key>
				<string>1980A6804DFDD67097E275ED</string>
				<key>isa</key>
				<string>PBXBuildFile</string>
			</dict>
			<key>1980A6804DFDD67097E275ED</key>
			<dict>
				<key>explicitFileType</key>
				<string>sourcecode.cpp.cpp</string>
				<key>fileEncoding</key>
				<string>30</string>
				<key>isa</key>
				<string>PBXFileReference</string>
				<key>name</key>
				<string>ofxAVUIVisualWave.cpp</string>
				<key>path</key>
				<string>../../../../addons/ofxAVUI/src/visual/ofxAVUIVisualWave.cpp</string>
				<key>sourceTree</key>
				<string>SOURCE_ROOT</string>
			</dict>
			<key>31CDAE4D358729538492CCCB</key>
			<dict>
				<key>explicitFileType</key>
				<string>sourcecode.c.h</string>
				<key>fileEncoding</key>
				<string>30</string>
				<key>isa</key>
				<string>PBXFileReference</string>
				<key>name</key>
				<string>ofxAVUIVisualLissajous.h</string>
				<key>path</key>
				<string>../../../../addons/ofxAVUI/src/visual/ofxAVUIVisualLissajous.h</string>
				<key>sourceTree</key>
				<string>SOURCE_ROOT</string>
			</dict>
			<key>B3BDDD03409F1CE6EE554D40</key>
			<dict>
				<key>fileRef</key>
				<string>5799BBBB4681989FBC2CD4B2</string>
				<key>isa</key>
				<string>PBXBuildFile</string>
			</dict>
			<key>5799BBBB4681989FBC2CD4B2</key>
			<dict>
				<key>explicitFileType</key>
				<string>sourcecode.cpp.cpp</string>
				<key>fileEncoding</key>
				<string>30</string>
				<key>isa</key>
				<string>PBXFileReference</string>
				<key>name</key>
				<string>ofxAVUIVisualLissajous.cpp</string>
				<key>path</key>
				<string>../../../../addons/ofxAVUI/src/visual/ofxAVUIVisualLissajous.cpp</string>
				<key>sourceTree</key>
				<string>SOURCE_ROOT</string>
			</dict>
			<key>ABF6EF35221529A8E80EC195</key>
			<dict>
				<key>explicitFileType</key>
				<string>sourcecode.c.h</string>
				<key>fileEncoding</key>
				<string>30</string>
				<key>isa</key>
				<string>PBXFileReference</string>
				<key>name</key>
				<string>ofxAVUIVisualImage.h</string>
				<key>path</key>
				<string>../../../../addons/ofxAVUI/src/visual/ofxAVUIVisualImage.h</string>
				<key>sourceTree</key>
				<string>SOURCE_ROOT</string>
			</dict>
			<key>F13F82EA15617BABAC94109F</key>
			<dict>
				<key>fileRef</key>
				<string>6E3A9B3C0CF6184E0DCE2323</string>
				<key>isa</key>
				<string>PBXBuildFile</string>
			</dict>
			<key>6E3A9B3C0CF6184E0DCE2323</key>
			<dict>
				<key>explicitFileType</key>
				<string>sourcecode.cpp.cpp</string>
				<key>fileEncoding</key>
				<string>30</string>
				<key>isa</key>
				<string>PBXFileReference</string>
				<key>name</key>
				<string>ofxAVUIVisualImage.cpp</string>
				<key>path</key>
				<string>../../../../addons/ofxAVUI/src/visual/ofxAVUIVisualImage.cpp</string>
				<key>sourceTree</key>
				<string>SOURCE_ROOT</string>
			</dict>
			<key>E072CF3A2FD5CDEBE69C349B</key>
			<dict>
				<key>explicitFileType</key>
				<string>sourcecode.c.h</string>
				<key>fileEncoding</key>
				<string>30</string>
				<key>isa</key>
				<string>PBXFileReference</string>
				<key>name</key>
				<string>ofxAVUIVisualGrid.h</string>
				<key>path</key>
				<string>../../../../addons/ofxAVUI/src/visual/ofxAVUIVisualGrid.h</string>
				<key>sourceTree</key>
				<string>SOURCE_ROOT</string>
			</dict>
			<key>3286275288FED1737D7B295A</key>
			<dict>
				<key>fileRef</key>
				<string>7498A66AAFDB4BFCDA7CA727</string>
				<key>isa</key>
				<string>PBXBuildFile</string>
			</dict>
			<key>7498A66AAFDB4BFCDA7CA727</key>
			<dict>
				<key>explicitFileType</key>
				<string>sourcecode.cpp.cpp</string>
				<key>fileEncoding</key>
				<string>30</string>
				<key>isa</key>
				<string>PBXFileReference</string>
				<key>name</key>
				<string>ofxAVUIVisualGrid.cpp</string>
				<key>path</key>
				<string>../../../../addons/ofxAVUI/src/visual/ofxAVUIVisualGrid.cpp</string>
				<key>sourceTree</key>
				<string>SOURCE_ROOT</string>
			</dict>
			<key>EB5D7EECD224C955FA8297D1</key>
			<dict>
				<key>explicitFileType</key>
				<string>sourcecode.c.h</string>
				<key>fileEncoding</key>
				<string>30</string>
				<key>isa</key>
				<string>PBXFileReference</string>
				<key>name</key>
				<string>ofxAVUIVisualCircles.h</string>
				<key>path</key>
				<string>../../../../addons/ofxAVUI/src/visual/ofxAVUIVisualCircles.h</string>
				<key>sourceTree</key>
				<string>SOURCE_ROOT</string>
			</dict>
			<key>DE3484198F9E7D9E930A3B34</key>
			<dict>
				<key>fileRef</key>
				<string>9A5F8B39F69AFB4C28005333</string>
				<key>isa</key>
				<string>PBXBuildFile</string>
			</dict>
			<key>9A5F8B39F69AFB4C28005333</key>
			<dict>
				<key>explicitFileType</key>
				<string>sourcecode.cpp.cpp</string>
				<key>fileEncoding</key>
				<string>30</string>
				<key>isa</key>
				<string>PBXFileReference</string>
				<key>name</key>
				<string>ofxAVUIVisualCircles.cpp</string>
				<key>path</key>
				<string>../../../../addons/ofxAVUI/src/visual/ofxAVUIVisualCircles.cpp</string>
				<key>sourceTree</key>
				<string>SOURCE_ROOT</string>
			</dict>
			<key>7AB23C3AA39729D5B28C5202</key>
			<dict>
				<key>explicitFileType</key>
				<string>sourcecode.c.h</string>
				<key>fileEncoding</key>
				<string>30</string>
				<key>isa</key>
				<string>PBXFileReference</string>
				<key>name</key>
				<string>ofxAVUIVisualBase.h</string>
				<key>path</key>
				<string>../../../../addons/ofxAVUI/src/visual/ofxAVUIVisualBase.h</string>
				<key>sourceTree</key>
				<string>SOURCE_ROOT</string>
			</dict>
			<key>BC9D1E0919B9DA6F04C4978D</key>
			<dict>
				<key>fileRef</key>
				<string>832F27F5E18B26D0AB577983</string>
				<key>isa</key>
				<string>PBXBuildFile</string>
			</dict>
			<key>832F27F5E18B26D0AB577983</key>
			<dict>
				<key>explicitFileType</key>
				<string>sourcecode.cpp.cpp</string>
				<key>fileEncoding</key>
				<string>30</string>
				<key>isa</key>
				<string>PBXFileReference</string>
				<key>name</key>
				<string>ofxAVUIVisualBase.cpp</string>
				<key>path</key>
				<string>../../../../addons/ofxAVUI/src/visual/ofxAVUIVisualBase.cpp</string>
				<key>sourceTree</key>
				<string>SOURCE_ROOT</string>
			</dict>
			<key>98AB6CFBF2EC76FF34168AA8</key>
			<dict>
				<key>explicitFileType</key>
				<string>sourcecode.c.h</string>
				<key>fileEncoding</key>
				<string>30</string>
				<key>isa</key>
				<string>PBXFileReference</string>
				<key>name</key>
				<string>ofxAVUIVisualBars.h</string>
				<key>path</key>
				<string>../../../../addons/ofxAVUI/src/visual/ofxAVUIVisualBars.h</string>
				<key>sourceTree</key>
				<string>SOURCE_ROOT</string>
			</dict>
			<key>A04E267C5E0C3211CC7B40F2</key>
			<dict>
				<key>fileRef</key>
				<string>910397DC97A2A91E1D8B7338</string>
				<key>isa</key>
				<string>PBXBuildFile</string>
			</dict>
			<key>910397DC97A2A91E1D8B7338</key>
			<dict>
				<key>explicitFileType</key>
				<string>sourcecode.cpp.cpp</string>
				<key>fileEncoding</key>
				<string>30</string>
				<key>isa</key>
				<string>PBXFileReference</string>
				<key>name</key>
				<string>ofxAVUIVisualBars.cpp</string>
				<key>path</key>
				<string>../../../../addons/ofxAVUI/src/visual/ofxAVUIVisualBars.cpp</string>
				<key>sourceTree</key>
				<string>SOURCE_ROOT</string>
			</dict>
			<key>681DD038FF983085A9EF3623</key>
			<dict>
				<key>explicitFileType</key>
				<string>sourcecode.c.h</string>
				<key>fileEncoding</key>
				<string>30</string>
				<key>isa</key>
				<string>PBXFileReference</string>
				<key>name</key>
				<string>ofxAVUIMFCC.h</string>
				<key>path</key>
				<string>../../../../addons/ofxAVUI/src/visual/ofxAVUIMFCC.h</string>
				<key>sourceTree</key>
				<string>SOURCE_ROOT</string>
			</dict>
			<key>2EA1C94B501DF10CE064DEE1</key>
			<dict>
				<key>fileRef</key>
				<string>3E72B40BCE6D30D84D63210A</string>
				<key>isa</key>
				<string>PBXBuildFile</string>
			</dict>
			<key>3E72B40BCE6D30D84D63210A</key>
			<dict>
				<key>explicitFileType</key>
				<string>sourcecode.cpp.cpp</string>
				<key>fileEncoding</key>
				<string>30</string>
				<key>isa</key>
				<string>PBXFileReference</string>
				<key>name</key>
				<string>ofxAVUIMFCC.cpp</string>
				<key>path</key>
				<string>../../../../addons/ofxAVUI/src/visual/ofxAVUIMFCC.cpp</string>
				<key>sourceTree</key>
				<string>SOURCE_ROOT</string>
			</dict>
			<key>109977073C4F18B65B7DA0C2</key>
			<dict>
				<key>explicitFileType</key>
				<string>sourcecode.c.h</string>
				<key>fileEncoding</key>
				<string>30</string>
				<key>isa</key>
				<string>PBXFileReference</string>
				<key>name</key>
				<string>ofxAVUIFFT.h</string>
				<key>path</key>
				<string>../../../../addons/ofxAVUI/src/visual/ofxAVUIFFT.h</string>
				<key>sourceTree</key>
				<string>SOURCE_ROOT</string>
			</dict>
			<key>A5FA32F4526F55D3C8E3461B</key>
			<dict>
				<key>children</key>
				<array>
					<string>58F249FD3C43C78E79F33842</string>
					<string>109977073C4F18B65B7DA0C2</string>
					<string>3E72B40BCE6D30D84D63210A</string>
					<string>681DD038FF983085A9EF3623</string>
					<string>910397DC97A2A91E1D8B7338</string>
					<string>98AB6CFBF2EC76FF34168AA8</string>
					<string>832F27F5E18B26D0AB577983</string>
					<string>7AB23C3AA39729D5B28C5202</string>
					<string>9A5F8B39F69AFB4C28005333</string>
					<string>EB5D7EECD224C955FA8297D1</string>
					<string>7498A66AAFDB4BFCDA7CA727</string>
					<string>E072CF3A2FD5CDEBE69C349B</string>
					<string>6E3A9B3C0CF6184E0DCE2323</string>
					<string>ABF6EF35221529A8E80EC195</string>
					<string>5799BBBB4681989FBC2CD4B2</string>
					<string>31CDAE4D358729538492CCCB</string>
					<string>1980A6804DFDD67097E275ED</string>
					<string>DD1DB06DFBA6910C122313F5</string>
				</array>
				<key>isa</key>
				<string>PBXGroup</string>
				<key>name</key>
				<string>visual</string>
				<key>sourceTree</key>
				<string>&lt;group&gt;</string>
			</dict>
			<key>0B8A5D67D28A92BCEC3937C4</key>
			<dict>
				<key>fileRef</key>
				<string>58F249FD3C43C78E79F33842</string>
				<key>isa</key>
				<string>PBXBuildFile</string>
			</dict>
			<key>58F249FD3C43C78E79F33842</key>
			<dict>
				<key>explicitFileType</key>
				<string>sourcecode.cpp.cpp</string>
				<key>fileEncoding</key>
				<string>30</string>
				<key>isa</key>
				<string>PBXFileReference</string>
				<key>name</key>
				<string>ofxAVUIFFT.cpp</string>
				<key>path</key>
				<string>../../../../addons/ofxAVUI/src/visual/ofxAVUIFFT.cpp</string>
				<key>sourceTree</key>
				<string>SOURCE_ROOT</string>
			</dict>
			<key>334C40F7970A81906084487C</key>
			<dict>
				<key>explicitFileType</key>
				<string>sourcecode.c.h</string>
				<key>fileEncoding</key>
				<string>30</string>
				<key>isa</key>
				<string>PBXFileReference</string>
				<key>name</key>
				<string>ofxAVUIXYPad.h</string>
				<key>path</key>
				<string>../../../../addons/ofxAVUI/src/UI/ofxAVUIXYPad.h</string>
				<key>sourceTree</key>
				<string>SOURCE_ROOT</string>
			</dict>
			<key>01FDF69F4EFE75054AB68CBB</key>
			<dict>
				<key>fileRef</key>
				<string>605E3675C4E92378A4CB953E</string>
				<key>isa</key>
				<string>PBXBuildFile</string>
			</dict>
			<key>605E3675C4E92378A4CB953E</key>
			<dict>
				<key>explicitFileType</key>
				<string>sourcecode.cpp.cpp</string>
				<key>fileEncoding</key>
				<string>30</string>
				<key>isa</key>
				<string>PBXFileReference</string>
				<key>name</key>
				<string>ofxAVUIXYPad.cpp</string>
				<key>path</key>
				<string>../../../../addons/ofxAVUI/src/UI/ofxAVUIXYPad.cpp</string>
				<key>sourceTree</key>
				<string>SOURCE_ROOT</string>
			</dict>
			<key>770A6449545C2CEDCD2CCC31</key>
			<dict>
				<key>explicitFileType</key>
				<string>sourcecode.c.h</string>
				<key>fileEncoding</key>
				<string>30</string>
				<key>isa</key>
				<string>PBXFileReference</string>
				<key>name</key>
				<string>ofxAVUIXYCanvas.h</string>
				<key>path</key>
				<string>../../../../addons/ofxAVUI/src/UI/ofxAVUIXYCanvas.h</string>
				<key>sourceTree</key>
				<string>SOURCE_ROOT</string>
			</dict>
			<key>19C337CEE9DE4C510431E4B7</key>
			<dict>
				<key>fileRef</key>
				<string>AD8FA0A5981D06D57656760C</string>
				<key>isa</key>
				<string>PBXBuildFile</string>
			</dict>
			<key>AD8FA0A5981D06D57656760C</key>
			<dict>
				<key>explicitFileType</key>
				<string>sourcecode.cpp.cpp</string>
				<key>fileEncoding</key>
				<string>30</string>
				<key>isa</key>
				<string>PBXFileReference</string>
				<key>name</key>
				<string>ofxAVUIXYCanvas.cpp</string>
				<key>path</key>
				<string>../../../../addons/ofxAVUI/src/UI/ofxAVUIXYCanvas.cpp</string>
				<key>sourceTree</key>
				<string>SOURCE_ROOT</string>
			</dict>
			<key>C2CA94C14DD9BCB5D3680DD5</key>
			<dict>
				<key>explicitFileType</key>
				<string>sourcecode.c.h</string>
				<key>fileEncoding</key>
				<string>30</string>
				<key>isa</key>
				<string>PBXFileReference</string>
				<key>name</key>
				<string>ofxAVUIToggle.h</string>
				<key>path</key>
				<string>../../../../addons/ofxAVUI/src/UI/ofxAVUIToggle.h</string>
				<key>sourceTree</key>
				<string>SOURCE_ROOT</string>
			</dict>
			<key>C74286CDAA170E82607DD5DB</key>
			<dict>
				<key>fileRef</key>
				<string>16E4DBFA3C14CF351A412494</string>
				<key>isa</key>
				<string>PBXBuildFile</string>
			</dict>
			<key>16E4DBFA3C14CF351A412494</key>
			<dict>
				<key>explicitFileType</key>
				<string>sourcecode.cpp.cpp</string>
				<key>fileEncoding</key>
				<string>30</string>
				<key>isa</key>
				<string>PBXFileReference</string>
				<key>name</key>
				<string>ofxAVUIToggle.cpp</string>
				<key>path</key>
				<string>../../../../addons/ofxAVUI/src/UI/ofxAVUIToggle.cpp</string>
				<key>sourceTree</key>
				<string>SOURCE_ROOT</string>
			</dict>
			<key>B338AECEF782C019BD55904C</key>
			<dict>
				<key>explicitFileType</key>
				<string>sourcecode.c.h</string>
				<key>fileEncoding</key>
				<string>30</string>
				<key>isa</key>
				<string>PBXFileReference</string>
				<key>name</key>
				<string>ofxAVUISlider.h</string>
				<key>path</key>
				<string>../../../../addons/ofxAVUI/src/UI/ofxAVUISlider.h</string>
				<key>sourceTree</key>
				<string>SOURCE_ROOT</string>
			</dict>
			<key>B3849AE2BF1F3303C6EADA16</key>
			<dict>
				<key>fileRef</key>
				<string>CB1606DF36000F5FFF6B125B</string>
				<key>isa</key>
				<string>PBXBuildFile</string>
			</dict>
			<key>CB1606DF36000F5FFF6B125B</key>
			<dict>
				<key>explicitFileType</key>
				<string>sourcecode.cpp.cpp</string>
				<key>fileEncoding</key>
				<string>30</string>
				<key>isa</key>
				<string>PBXFileReference</string>
				<key>name</key>
				<string>ofxAVUISlider.cpp</string>
				<key>path</key>
				<string>../../../../addons/ofxAVUI/src/UI/ofxAVUISlider.cpp</string>
				<key>sourceTree</key>
				<string>SOURCE_ROOT</string>
			</dict>
			<key>D2CE859E404FF36D158EFF3F</key>
			<dict>
				<key>explicitFileType</key>
				<string>sourcecode.c.h</string>
				<key>fileEncoding</key>
				<string>30</string>
				<key>isa</key>
				<string>PBXFileReference</string>
				<key>name</key>
				<string>ofxAVUIRangeSlider.h</string>
				<key>path</key>
				<string>../../../../addons/ofxAVUI/src/UI/ofxAVUIRangeSlider.h</string>
				<key>sourceTree</key>
				<string>SOURCE_ROOT</string>
			</dict>
			<key>156065D9F1C4D0C0B2F91BE4</key>
			<dict>
				<key>fileRef</key>
				<string>41FBA0E4EFD0E7F95EDDA866</string>
				<key>isa</key>
				<string>PBXBuildFile</string>
			</dict>
			<key>41FBA0E4EFD0E7F95EDDA866</key>
			<dict>
				<key>explicitFileType</key>
				<string>sourcecode.cpp.cpp</string>
				<key>fileEncoding</key>
				<string>30</string>
				<key>isa</key>
				<string>PBXFileReference</string>
				<key>name</key>
				<string>ofxAVUIRangeSlider.cpp</string>
				<key>path</key>
				<string>../../../../addons/ofxAVUI/src/UI/ofxAVUIRangeSlider.cpp</string>
				<key>sourceTree</key>
				<string>SOURCE_ROOT</string>
			</dict>
			<key>56BFA7F36F0E0FAEC6286BAE</key>
			<dict>
				<key>explicitFileType</key>
				<string>sourcecode.c.h</string>
				<key>fileEncoding</key>
				<string>30</string>
				<key>isa</key>
				<string>PBXFileReference</string>
				<key>name</key>
				<string>ofxAVUIEmpty.h</string>
				<key>path</key>
				<string>../../../../addons/ofxAVUI/src/UI/ofxAVUIEmpty.h</string>
				<key>sourceTree</key>
				<string>SOURCE_ROOT</string>
			</dict>
			<key>ADDD70B69D596491219CA15A</key>
			<dict>
				<key>fileRef</key>
				<string>AF4A3A5E79219B8809D0B397</string>
				<key>isa</key>
				<string>PBXBuildFile</string>
			</dict>
			<key>AF4A3A5E79219B8809D0B397</key>
			<dict>
				<key>explicitFileType</key>
				<string>sourcecode.cpp.cpp</string>
				<key>fileEncoding</key>
				<string>30</string>
				<key>isa</key>
				<string>PBXFileReference</string>
				<key>name</key>
				<string>ofxAVUIEmpty.cpp</string>
				<key>path</key>
				<string>../../../../addons/ofxAVUI/src/UI/ofxAVUIEmpty.cpp</string>
				<key>sourceTree</key>
				<string>SOURCE_ROOT</string>
			</dict>
			<key>42A68F211C8A5A69850B330D</key>
			<dict>
				<key>explicitFileType</key>
				<string>sourcecode.c.h</string>
				<key>fileEncoding</key>
				<string>30</string>
				<key>isa</key>
				<string>PBXFileReference</string>
				<key>name</key>
				<string>ofxAVUIButton.h</string>
				<key>path</key>
				<string>../../../../addons/ofxAVUI/src/UI/ofxAVUIButton.h</string>
				<key>sourceTree</key>
				<string>SOURCE_ROOT</string>
			</dict>
			<key>7649842C5DB58E55B8CAFC7F</key>
			<dict>
				<key>fileRef</key>
				<string>6F57DA817307C8CB0AFE2053</string>
				<key>isa</key>
				<string>PBXBuildFile</string>
			</dict>
			<key>6F57DA817307C8CB0AFE2053</key>
			<dict>
				<key>explicitFileType</key>
				<string>sourcecode.cpp.cpp</string>
				<key>fileEncoding</key>
				<string>30</string>
				<key>isa</key>
				<string>PBXFileReference</string>
				<key>name</key>
				<string>ofxAVUIButton.cpp</string>
				<key>path</key>
				<string>../../../../addons/ofxAVUI/src/UI/ofxAVUIButton.cpp</string>
				<key>sourceTree</key>
				<string>SOURCE_ROOT</string>
			</dict>
			<key>7FC4476D881CFB32A7F42000</key>
			<dict>
				<key>explicitFileType</key>
				<string>sourcecode.c.h</string>
				<key>fileEncoding</key>
				<string>30</string>
				<key>isa</key>
				<string>PBXFileReference</string>
				<key>name</key>
				<string>ofxAVUIBase.h</string>
				<key>path</key>
				<string>../../../../addons/ofxAVUI/src/UI/ofxAVUIBase.h</string>
				<key>sourceTree</key>
				<string>SOURCE_ROOT</string>
			</dict>
			<key>E5923C28187E8E5261F5C68C</key>
			<dict>
				<key>children</key>
				<array>
					<string>B12885267C58D0EEFE49657D</string>
					<string>7FC4476D881CFB32A7F42000</string>
					<string>6F57DA817307C8CB0AFE2053</string>
					<string>42A68F211C8A5A69850B330D</string>
					<string>AF4A3A5E79219B8809D0B397</string>
					<string>56BFA7F36F0E0FAEC6286BAE</string>
					<string>41FBA0E4EFD0E7F95EDDA866</string>
					<string>D2CE859E404FF36D158EFF3F</string>
					<string>CB1606DF36000F5FFF6B125B</string>
					<string>B338AECEF782C019BD55904C</string>
					<string>16E4DBFA3C14CF351A412494</string>
					<string>C2CA94C14DD9BCB5D3680DD5</string>
					<string>AD8FA0A5981D06D57656760C</string>
					<string>770A6449545C2CEDCD2CCC31</string>
					<string>605E3675C4E92378A4CB953E</string>
					<string>334C40F7970A81906084487C</string>
				</array>
				<key>isa</key>
				<string>PBXGroup</string>
				<key>name</key>
				<string>UI</string>
				<key>sourceTree</key>
				<string>&lt;group&gt;</string>
			</dict>
			<key>0DD869ADB2C51A2FBD71413C</key>
			<dict>
				<key>fileRef</key>
				<string>B12885267C58D0EEFE49657D</string>
				<key>isa</key>
				<string>PBXBuildFile</string>
			</dict>
			<key>B12885267C58D0EEFE49657D</key>
			<dict>
				<key>explicitFileType</key>
				<string>sourcecode.cpp.cpp</string>
				<key>fileEncoding</key>
				<string>30</string>
				<key>isa</key>
				<string>PBXFileReference</string>
				<key>name</key>
				<string>ofxAVUIBase.cpp</string>
				<key>path</key>
				<string>../../../../addons/ofxAVUI/src/UI/ofxAVUIBase.cpp</string>
				<key>sourceTree</key>
				<string>SOURCE_ROOT</string>
			</dict>
			<key>D02A57B715044608C961AF3A</key>
			<dict>
				<key>explicitFileType</key>
				<string>sourcecode.c.h</string>
				<key>fileEncoding</key>
				<string>30</string>
				<key>isa</key>
				<string>PBXFileReference</string>
				<key>name</key>
				<string>ofxAVUIZonePlayer.h</string>
				<key>path</key>
				<string>../../../../addons/ofxAVUI/src/ofxAVUIZonePlayer.h</string>
				<key>sourceTree</key>
				<string>SOURCE_ROOT</string>
			</dict>
			<key>1178762AA4DC8779AFB810C4</key>
			<dict>
				<key>fileRef</key>
				<string>7458E92483AA72BF13BBE8A2</string>
				<key>isa</key>
				<string>PBXBuildFile</string>
			</dict>
			<key>7458E92483AA72BF13BBE8A2</key>
			<dict>
				<key>explicitFileType</key>
				<string>sourcecode.cpp.cpp</string>
				<key>fileEncoding</key>
				<string>30</string>
				<key>isa</key>
				<string>PBXFileReference</string>
				<key>name</key>
				<string>ofxAVUIZonePlayer.cpp</string>
				<key>path</key>
				<string>../../../../addons/ofxAVUI/src/ofxAVUIZonePlayer.cpp</string>
				<key>sourceTree</key>
				<string>SOURCE_ROOT</string>
			</dict>
			<key>513DFF524D8543982A2DAA1D</key>
			<dict>
				<key>explicitFileType</key>
				<string>sourcecode.c.h</string>
				<key>fileEncoding</key>
				<string>30</string>
				<key>isa</key>
				<string>PBXFileReference</string>
				<key>name</key>
				<string>ofxAVUIZone.h</string>
				<key>path</key>
				<string>../../../../addons/ofxAVUI/src/ofxAVUIZone.h</string>
				<key>sourceTree</key>
				<string>SOURCE_ROOT</string>
			</dict>
			<key>64E622C377F22DB2466E6AA6</key>
			<dict>
				<key>fileRef</key>
				<string>9009B2CDB0B2FC1F58DAFEA0</string>
				<key>isa</key>
				<string>PBXBuildFile</string>
			</dict>
			<key>9009B2CDB0B2FC1F58DAFEA0</key>
			<dict>
				<key>explicitFileType</key>
				<string>sourcecode.cpp.cpp</string>
				<key>fileEncoding</key>
				<string>30</string>
				<key>isa</key>
				<string>PBXFileReference</string>
				<key>name</key>
				<string>ofxAVUIZone.cpp</string>
				<key>path</key>
				<string>../../../../addons/ofxAVUI/src/ofxAVUIZone.cpp</string>
				<key>sourceTree</key>
				<string>SOURCE_ROOT</string>
			</dict>
			<key>F21B4E2871A247BB68629ED5</key>
			<dict>
				<key>explicitFileType</key>
				<string>sourcecode.c.h</string>
				<key>fileEncoding</key>
				<string>30</string>
				<key>isa</key>
				<string>PBXFileReference</string>
				<key>name</key>
				<string>ofxAVUI.h</string>
				<key>path</key>
				<string>../../../../addons/ofxAVUI/src/ofxAVUI.h</string>
				<key>sourceTree</key>
				<string>SOURCE_ROOT</string>
			</dict>
			<key>003A2231BA040DA229C39C77</key>
			<dict>
				<key>explicitFileType</key>
				<string>sourcecode.c.h</string>
				<key>fileEncoding</key>
				<string>30</string>
				<key>isa</key>
				<string>PBXFileReference</string>
				<key>name</key>
				<string>ofxAVUISoundFxFilter.h</string>
				<key>path</key>
				<string>../../../../addons/ofxAVUI/src/audio/ofxAVUISoundFxFilter.h</string>
				<key>sourceTree</key>
				<string>SOURCE_ROOT</string>
			</dict>
			<key>2820CDC37F7880FAC9BAA8BD</key>
			<dict>
				<key>fileRef</key>
				<string>B55DF6F48634180E3555E5CD</string>
				<key>isa</key>
				<string>PBXBuildFile</string>
			</dict>
			<key>B55DF6F48634180E3555E5CD</key>
			<dict>
				<key>explicitFileType</key>
				<string>sourcecode.cpp.cpp</string>
				<key>fileEncoding</key>
				<string>30</string>
				<key>isa</key>
				<string>PBXFileReference</string>
				<key>name</key>
				<string>ofxAVUISoundFxFilter.cpp</string>
				<key>path</key>
				<string>../../../../addons/ofxAVUI/src/audio/ofxAVUISoundFxFilter.cpp</string>
				<key>sourceTree</key>
				<string>SOURCE_ROOT</string>
			</dict>
			<key>CCA7CC18752F2387AD436B49</key>
			<dict>
				<key>explicitFileType</key>
				<string>sourcecode.c.h</string>
				<key>fileEncoding</key>
				<string>30</string>
				<key>isa</key>
				<string>PBXFileReference</string>
				<key>name</key>
				<string>ofxAVUISoundFxDelay.h</string>
				<key>path</key>
				<string>../../../../addons/ofxAVUI/src/audio/ofxAVUISoundFxDelay.h</string>
				<key>sourceTree</key>
				<string>SOURCE_ROOT</string>
			</dict>
			<key>5C9A88996C59CCA176BF70EB</key>
			<dict>
				<key>fileRef</key>
				<string>DD479537F8D314E230BC9C0C</string>
				<key>isa</key>
				<string>PBXBuildFile</string>
			</dict>
			<key>DD479537F8D314E230BC9C0C</key>
			<dict>
				<key>explicitFileType</key>
				<string>sourcecode.cpp.cpp</string>
				<key>fileEncoding</key>
				<string>30</string>
				<key>isa</key>
				<string>PBXFileReference</string>
				<key>name</key>
				<string>ofxAVUISoundFxDelay.cpp</string>
				<key>path</key>
				<string>../../../../addons/ofxAVUI/src/audio/ofxAVUISoundFxDelay.cpp</string>
				<key>sourceTree</key>
				<string>SOURCE_ROOT</string>
			</dict>
			<key>A556A209E73E629156EEC4A1</key>
			<dict>
				<key>explicitFileType</key>
				<string>sourcecode.c.h</string>
				<key>fileEncoding</key>
				<string>30</string>
				<key>isa</key>
				<string>PBXFileReference</string>
				<key>name</key>
				<string>ofxAVUISoundFxBase.h</string>
				<key>path</key>
				<string>../../../../addons/ofxAVUI/src/audio/ofxAVUISoundFxBase.h</string>
				<key>sourceTree</key>
				<string>SOURCE_ROOT</string>
			</dict>
			<key>11884E70528704B604A36DDA</key>
			<dict>
				<key>children</key>
				<array>
					<string>B0BC26D145A5F526FA8A7E19</string>
					<string>A556A209E73E629156EEC4A1</string>
					<string>DD479537F8D314E230BC9C0C</string>
					<string>CCA7CC18752F2387AD436B49</string>
					<string>B55DF6F48634180E3555E5CD</string>
					<string>003A2231BA040DA229C39C77</string>
				</array>
				<key>isa</key>
				<string>PBXGroup</string>
				<key>name</key>
				<string>audio</string>
				<key>sourceTree</key>
				<string>&lt;group&gt;</string>
			</dict>
			<key>65F9E8DBBD355A20896DE10F</key>
			<dict>
				<key>children</key>
				<array>
					<string>11884E70528704B604A36DDA</string>
					<string>F21B4E2871A247BB68629ED5</string>
					<string>9009B2CDB0B2FC1F58DAFEA0</string>
					<string>513DFF524D8543982A2DAA1D</string>
					<string>7458E92483AA72BF13BBE8A2</string>
					<string>D02A57B715044608C961AF3A</string>
					<string>E5923C28187E8E5261F5C68C</string>
					<string>A5FA32F4526F55D3C8E3461B</string>
				</array>
				<key>isa</key>
				<string>PBXGroup</string>
				<key>name</key>
				<string>src</string>
				<key>sourceTree</key>
				<string>&lt;group&gt;</string>
			</dict>
			<key>4903EEC6769AB52925A38958</key>
			<dict>
				<key>children</key>
				<array>
					<string>65F9E8DBBD355A20896DE10F</string>
				</array>
				<key>isa</key>
				<string>PBXGroup</string>
				<key>name</key>
				<string>ofxAVUI</string>
				<key>sourceTree</key>
				<string>&lt;group&gt;</string>
			</dict>
			<key>8E650DCF66955A81823D471A</key>
			<dict>
				<key>fileRef</key>
				<string>B0BC26D145A5F526FA8A7E19</string>
				<key>isa</key>
				<string>PBXBuildFile</string>
			</dict>
			<key>B0BC26D145A5F526FA8A7E19</key>
			<dict>
				<key>explicitFileType</key>
				<string>sourcecode.cpp.cpp</string>
				<key>fileEncoding</key>
				<string>30</string>
				<key>isa</key>
				<string>PBXFileReference</string>
				<key>name</key>
				<string>ofxAVUISoundFxBase.cpp</string>
				<key>path</key>
				<string>../../../../addons/ofxAVUI/src/audio/ofxAVUISoundFxBase.cpp</string>
				<key>sourceTree</key>
				<string>SOURCE_ROOT</string>
			</dict>
			<key>6948EE371B920CB800B5AC1A</key>
			<dict>
				<key>children</key>
				<array />
				<key>isa</key>
				<string>PBXGroup</string>
				<key>name</key>
				<string>local_addons</string>
				<key>sourceTree</key>
				<string>&lt;group&gt;</string>
			</dict>
			<key>BB4B014C10F69532006C3DED</key>
			<dict>
				<key>children</key>
				<array>
					<string>4903EEC6769AB52925A38958</string>
					<string>6234D3BCE87D1C3BA2230F19</string>
					<string>E6053AB7FEC63D5F83825B88</string>
				</array>
				<key>isa</key>
				<string>PBXGroup</string>
				<key>name</key>
				<string>addons</string>
				<key>sourceTree</key>
				<string>&lt;group&gt;</string>
			</dict>
			<key>E4328143138ABC890047C5CB</key>
			<dict>
				<key>isa</key>
				<string>PBXFileReference</string>
				<key>lastKnownFileType</key>
				<string>wrapper.pb-project</string>
				<key>name</key>
				<string>openFrameworksLib.xcodeproj</string>
				<key>path</key>
				<string>../../../../libs/openFrameworksCompiled/project/osx/openFrameworksLib.xcodeproj</string>
				<key>sourceTree</key>
				<string>SOURCE_ROOT</string>
			</dict>
			<key>E4328144138ABC890047C5CB</key>
			<dict>
				<key>children</key>
				<array>
					<string>E4328148138ABC890047C5CB</string>
				</array>
				<key>isa</key>
				<string>PBXGroup</string>
				<key>name</key>
				<string>Products</string>
				<key>sourceTree</key>
				<string>&lt;group&gt;</string>
			</dict>
			<key>E4328147138ABC890047C5CB</key>
			<dict>
				<key>containerPortal</key>
				<string>E4328143138ABC890047C5CB</string>
				<key>isa</key>
				<string>PBXContainerItemProxy</string>
				<key>proxyType</key>
				<string>2</string>
				<key>remoteGlobalIDString</key>
				<string>E4B27C1510CBEB8E00536013</string>
				<key>remoteInfo</key>
				<string>openFrameworks</string>
			</dict>
			<key>E4328148138ABC890047C5CB</key>
			<dict>
				<key>fileType</key>
				<string>archive.ar</string>
				<key>isa</key>
				<string>PBXReferenceProxy</string>
				<key>path</key>
				<string>openFrameworksDebug.a</string>
				<key>remoteRef</key>
				<string>E4328147138ABC890047C5CB</string>
				<key>sourceTree</key>
				<string>BUILT_PRODUCTS_DIR</string>
			</dict>
			<key>E4328149138ABC9F0047C5CB</key>
			<dict>
				<key>fileRef</key>
				<string>E4328148138ABC890047C5CB</string>
				<key>isa</key>
				<string>PBXBuildFile</string>
			</dict>
			<key>E4B69B4A0A3A1720003C02F2</key>
			<dict>
				<key>children</key>
				<array>
					<string>E4B6FCAD0C3E899E008CF71C</string>
					<string>E4EB6923138AFD0F00A09F29</string>
					<string>E4B69E1C0A3A1BDC003C02F2</string>
					<string>E4EEC9E9138DF44700A80321</string>
					<string>BB4B014C10F69532006C3DED</string>
					<string>6948EE371B920CB800B5AC1A</string>
					<string>E4B69B5B0A3A1756003C02F2</string>
				</array>
				<key>isa</key>
				<string>PBXGroup</string>
				<key>sourceTree</key>
				<string>&lt;group&gt;</string>
			</dict>
			<key>E4B69B4C0A3A1720003C02F2</key>
			<dict>
				<key>attributes</key>
				<dict>
					<key>LastUpgradeCheck</key>
					<string>0600</string>
				</dict>
				<key>buildConfigurationList</key>
				<string>E4B69B4D0A3A1720003C02F2</string>
				<key>compatibilityVersion</key>
				<string>Xcode 3.2</string>
				<key>developmentRegion</key>
				<string>English</string>
				<key>hasScannedForEncodings</key>
				<string>0</string>
				<key>isa</key>
				<string>PBXProject</string>
				<key>knownRegions</key>
				<array>
					<string>English</string>
					<string>Japanese</string>
					<string>French</string>
					<string>German</string>
				</array>
				<key>mainGroup</key>
				<string>E4B69B4A0A3A1720003C02F2</string>
				<key>productRefGroup</key>
				<string>E4B69B4A0A3A1720003C02F2</string>
				<key>projectDirPath</key>
				<string />
				<key>projectReferences</key>
				<array>
					<dict>
						<key>ProductGroup</key>
						<string>E4328144138ABC890047C5CB</string>
						<key>ProjectRef</key>
						<string>E4328143138ABC890047C5CB</string>
					</dict>
				</array>
				<key>projectRoot</key>
				<string />
				<key>targets</key>
				<array>
					<string>E4B69B5A0A3A1756003C02F2</string>
				</array>
			</dict>
			<key>E4B69B4D0A3A1720003C02F2</key>
			<dict>
				<key>buildConfigurations</key>
				<array>
					<string>E4B69B4E0A3A1720003C02F2</string>
					<string>E4B69B4F0A3A1720003C02F2</string>
				</array>
				<key>defaultConfigurationIsVisible</key>
				<string>0</string>
				<key>defaultConfigurationName</key>
				<string>Release</string>
				<key>isa</key>
				<string>XCConfigurationList</string>
			</dict>
			<key>E4B69B4E0A3A1720003C02F2</key>
			<dict>
				<key>baseConfigurationReference</key>
				<string>E4EB6923138AFD0F00A09F29</string>
				<key>buildSettings</key>
				<dict>
					<key>HEADER_SEARCH_PATHS</key>
					<array>
						<string>$(OF_CORE_HEADERS)</string>
						<string>src</string>
						<string>../../../../addons/ofxAVUI/src</string>
						<string>../../../../addons/ofxAVUI/src/UI</string>
						<string>../../../../addons/ofxAVUI/src/audio</string>
						<string>../../../../addons/ofxAVUI/src/visual</string>
						<string>../../../../addons/ofxMaxim/libs</string>
						<string>../../../../addons/ofxMaxim/src</string>
						<string>../../../../addons/ofxOsc/libs</string>
						<string>../../../../addons/ofxOsc/libs/oscpack</string>
						<string>../../../../addons/ofxOsc/libs/oscpack/src</string>
						<string>../../../../addons/ofxOsc/libs/oscpack/src/ip</string>
						<string>../../../../addons/ofxOsc/libs/oscpack/src/ip/posix</string>
						<string>../../../../addons/ofxOsc/libs/oscpack/src/ip/win32</string>
						<string>../../../../addons/ofxOsc/libs/oscpack/src/osc</string>
						<string>../../../../addons/ofxOsc/src</string>
					</array>
					<key>CONFIGURATION_BUILD_DIR</key>
					<string>$(SRCROOT)/bin/</string>
					<key>COPY_PHASE_STRIP</key>
					<string>NO</string>
					<key>DEAD_CODE_STRIPPING</key>
					<string>YES</string>
					<key>GCC_AUTO_VECTORIZATION</key>
					<string>YES</string>
					<key>GCC_ENABLE_SSE3_EXTENSIONS</key>
					<string>YES</string>
					<key>GCC_ENABLE_SUPPLEMENTAL_SSE3_INSTRUCTIONS</key>
					<string>YES</string>
					<key>GCC_INLINES_ARE_PRIVATE_EXTERN</key>
					<string>NO</string>
					<key>GCC_OPTIMIZATION_LEVEL</key>
					<string>0</string>
					<key>GCC_SYMBOLS_PRIVATE_EXTERN</key>
					<string>NO</string>
					<key>GCC_WARN_ABOUT_DEPRECATED_FUNCTIONS</key>
					<string>YES</string>
					<key>GCC_WARN_ABOUT_INVALID_OFFSETOF_MACRO</key>
					<string>NO</string>
					<key>GCC_WARN_ALLOW_INCOMPLETE_PROTOCOL</key>
					<string>NO</string>
					<key>GCC_WARN_UNINITIALIZED_AUTOS</key>
					<string>NO</string>
					<key>GCC_WARN_UNUSED_VALUE</key>
					<string>NO</string>
					<key>GCC_WARN_UNUSED_VARIABLE</key>
					<string>NO</string>
					<key>MACOSX_DEPLOYMENT_TARGET</key>
					<string>10.8</string>
					<key>ONLY_ACTIVE_ARCH</key>
					<string>YES</string>
					<key>OTHER_CPLUSPLUSFLAGS</key>
					<array>
						<string>-D__MACOSX_CORE__</string>
						<string>-mtune=native</string>
					</array>
					<key>SDKROOT</key>
					<string>macosx</string>
				</dict>
				<key>isa</key>
				<string>XCBuildConfiguration</string>
				<key>name</key>
				<string>Debug</string>
			</dict>
			<key>E4B69B4F0A3A1720003C02F2</key>
			<dict>
				<key>baseConfigurationReference</key>
				<string>E4EB6923138AFD0F00A09F29</string>
				<key>buildSettings</key>
				<dict>
					<key>HEADER_SEARCH_PATHS</key>
					<array>
						<string>$(OF_CORE_HEADERS)</string>
						<string>src</string>
						<string>../../../../addons/ofxAVUI/src</string>
						<string>../../../../addons/ofxAVUI/src/UI</string>
						<string>../../../../addons/ofxAVUI/src/audio</string>
						<string>../../../../addons/ofxAVUI/src/visual</string>
						<string>../../../../addons/ofxMaxim/libs</string>
						<string>../../../../addons/ofxMaxim/src</string>
						<string>../../../../addons/ofxOsc/libs</string>
						<string>../../../../addons/ofxOsc/libs/oscpack</string>
						<string>../../../../addons/ofxOsc/libs/oscpack/src</string>
						<string>../../../../addons/ofxOsc/libs/oscpack/src/ip</string>
						<string>../../../../addons/ofxOsc/libs/oscpack/src/ip/posix</string>
						<string>../../../../addons/ofxOsc/libs/oscpack/src/ip/win32</string>
						<string>../../../../addons/ofxOsc/libs/oscpack/src/osc</string>
						<string>../../../../addons/ofxOsc/src</string>
					</array>
					<key>CONFIGURATION_BUILD_DIR</key>
					<string>$(SRCROOT)/bin/</string>
					<key>COPY_PHASE_STRIP</key>
					<string>YES</string>
					<key>DEAD_CODE_STRIPPING</key>
					<string>YES</string>
					<key>GCC_AUTO_VECTORIZATION</key>
					<string>YES</string>
					<key>GCC_ENABLE_SSE3_EXTENSIONS</key>
					<string>YES</string>
					<key>GCC_ENABLE_SUPPLEMENTAL_SSE3_INSTRUCTIONS</key>
					<string>YES</string>
					<key>GCC_INLINES_ARE_PRIVATE_EXTERN</key>
					<string>NO</string>
					<key>GCC_OPTIMIZATION_LEVEL</key>
					<string>3</string>
					<key>GCC_SYMBOLS_PRIVATE_EXTERN</key>
					<string>NO</string>
					<key>GCC_UNROLL_LOOPS</key>
					<string>YES</string>
					<key>GCC_WARN_ABOUT_DEPRECATED_FUNCTIONS</key>
					<string>YES</string>
					<key>GCC_WARN_ABOUT_INVALID_OFFSETOF_MACRO</key>
					<string>NO</string>
					<key>GCC_WARN_ALLOW_INCOMPLETE_PROTOCOL</key>
					<string>NO</string>
					<key>GCC_WARN_UNINITIALIZED_AUTOS</key>
					<string>NO</string>
					<key>GCC_WARN_UNUSED_VALUE</key>
					<string>NO</string>
					<key>GCC_WARN_UNUSED_VARIABLE</key>
					<string>NO</string>
					<key>MACOSX_DEPLOYMENT_TARGET</key>
					<string>10.8</string>
					<key>OTHER_CPLUSPLUSFLAGS</key>
					<array>
						<string>-D__MACOSX_CORE__</string>
						<string>-mtune=native</string>
					</array>
					<key>SDKROOT</key>
					<string>macosx</string>
				</dict>
				<key>isa</key>
				<string>XCBuildConfiguration</string>
				<key>name</key>
				<string>Release</string>
			</dict>
			<key>E4B69B580A3A1756003C02F2</key>
			<dict>
				<key>buildActionMask</key>
				<string>2147483647</string>
				<key>files</key>
				<array>
					<string>E4B69E200A3A1BDC003C02F2</string>
					<string>E4B69E210A3A1BDC003C02F2</string>
					<string>8E650DCF66955A81823D471A</string>
					<string>5C9A88996C59CCA176BF70EB</string>
					<string>2820CDC37F7880FAC9BAA8BD</string>
					<string>64E622C377F22DB2466E6AA6</string>
					<string>1178762AA4DC8779AFB810C4</string>
					<string>0DD869ADB2C51A2FBD71413C</string>
					<string>7649842C5DB58E55B8CAFC7F</string>
					<string>ADDD70B69D596491219CA15A</string>
					<string>156065D9F1C4D0C0B2F91BE4</string>
					<string>B3849AE2BF1F3303C6EADA16</string>
					<string>C74286CDAA170E82607DD5DB</string>
					<string>19C337CEE9DE4C510431E4B7</string>
					<string>01FDF69F4EFE75054AB68CBB</string>
					<string>0B8A5D67D28A92BCEC3937C4</string>
					<string>2EA1C94B501DF10CE064DEE1</string>
					<string>A04E267C5E0C3211CC7B40F2</string>
					<string>BC9D1E0919B9DA6F04C4978D</string>
					<string>DE3484198F9E7D9E930A3B34</string>
					<string>3286275288FED1737D7B295A</string>
					<string>F13F82EA15617BABAC94109F</string>
					<string>B3BDDD03409F1CE6EE554D40</string>
					<string>6E5C969FA4F4194F6F8C9A19</string>
					<string>9ED839A01EE9F92876D94C1F</string>
					<string>E9FCB084E9CF8AF2C060BD74</string>
					<string>1ABE3984AC73546081D1CB32</string>
					<string>2B66E4AC1854CBFA1FE4CF36</string>
					<string>E283EA0567C0E25981F9375B</string>
					<string>951E3FED583F799D786788B6</string>
					<string>28DCCF9EB3A13C74EC4F5B5D</string>
					<string>3AFFCFF8C768C8D43B63FE35</string>
					<string>DBD76DE6D65C641C5A68C83B</string>
					<string>16AD2690D75611A44CAA2672</string>
					<string>B1ACDFF67F1AB40792F7E3C0</string>
					<string>916A506838DC204FEFBA4813</string>
					<string>F0A819AFAF20263BEA98163D</string>
					<string>1C19ABCBD11F1508A4A783F7</string>
					<string>C9AAB1E719BC2B1B5B42DD97</string>
					<string>DD640E91A59C500218580845</string>
					<string>2E00B1C9F92029E297DD0B76</string>
					<string>D942004DA1801633AB1BC2BA</string>
					<string>7733102A165F3EF58830E0F0</string>
					<string>3785A22B8EFBABBD7B23E6F2</string>
				</array>
				<key>isa</key>
				<string>PBXSourcesBuildPhase</string>
				<key>runOnlyForDeploymentPostprocessing</key>
				<string>0</string>
			</dict>
			<key>E4B69B590A3A1756003C02F2</key>
			<dict>
				<key>buildActionMask</key>
				<string>2147483647</string>
				<key>files</key>
				<array>
					<string>E4328149138ABC9F0047C5CB</string>
				</array>
				<key>isa</key>
				<string>PBXFrameworksBuildPhase</string>
				<key>runOnlyForDeploymentPostprocessing</key>
				<string>0</string>
			</dict>
			<key>E4B69B5A0A3A1756003C02F2</key>
			<dict>
				<key>buildConfigurationList</key>
				<string>E4B69B5F0A3A1757003C02F2</string>
				<key>buildPhases</key>
				<array>
					<string>E4B69B580A3A1756003C02F2</string>
					<string>E4B69B590A3A1756003C02F2</string>
					<string>E4B6FFFD0C3F9AB9008CF71C</string>
					<string>E4C2427710CC5ABF004149E2</string>
				</array>
				<key>buildRules</key>
				<array />
				<key>dependencies</key>
				<array>
					<string>E4EEB9AC138B136A00A80321</string>
				</array>
				<key>isa</key>
				<string>PBXNativeTarget</string>
				<key>name</key>
				<string>ofxAVUI-Demo-App-Multi-Sample-Pads</string>
				<key>productName</key>
				<string>myOFApp</string>
				<key>productReference</key>
				<string>E4B69B5B0A3A1756003C02F2</string>
				<key>productType</key>
				<string>com.apple.product-type.application</string>
			</dict>
			<key>E4B69B5B0A3A1756003C02F2</key>
			<dict>
				<key>explicitFileType</key>
				<string>wrapper.application</string>
				<key>includeInIndex</key>
				<string>0</string>
				<key>isa</key>
				<string>PBXFileReference</string>
				<key>path</key>
				<string>ofxAVUI-Demo-App-Multi-Sample-PadsDebug.app</string>
				<key>sourceTree</key>
				<string>BUILT_PRODUCTS_DIR</string>
			</dict>
			<key>E4B69B5F0A3A1757003C02F2</key>
			<dict>
				<key>buildConfigurations</key>
				<array>
					<string>E4B69B600A3A1757003C02F2</string>
					<string>E4B69B610A3A1757003C02F2</string>
				</array>
				<key>defaultConfigurationIsVisible</key>
				<string>0</string>
				<key>defaultConfigurationName</key>
				<string>Release</string>
				<key>isa</key>
				<string>XCConfigurationList</string>
			</dict>
			<key>E4B69B600A3A1757003C02F2</key>
			<dict>
				<key>baseConfigurationReference</key>
				<string>E4EB6923138AFD0F00A09F29</string>
				<key>buildSettings</key>
				<dict>
					<key>HEADER_SEARCH_PATHS</key>
					<array>
						<string>$(OF_CORE_HEADERS)</string>
						<string>src</string>
						<string>../../../../addons/ofxAVUI/src</string>
						<string>../../../../addons/ofxAVUI/src/UI</string>
						<string>../../../../addons/ofxAVUI/src/audio</string>
						<string>../../../../addons/ofxAVUI/src/visual</string>
						<string>../../../../addons/ofxMaxim/libs</string>
						<string>../../../../addons/ofxMaxim/src</string>
						<string>../../../../addons/ofxOsc/libs</string>
						<string>../../../../addons/ofxOsc/libs/oscpack</string>
						<string>../../../../addons/ofxOsc/libs/oscpack/src</string>
						<string>../../../../addons/ofxOsc/libs/oscpack/src/ip</string>
						<string>../../../../addons/ofxOsc/libs/oscpack/src/ip/posix</string>
						<string>../../../../addons/ofxOsc/libs/oscpack/src/ip/win32</string>
						<string>../../../../addons/ofxOsc/libs/oscpack/src/osc</string>
						<string>../../../../addons/ofxOsc/src</string>
					</array>
					<key>COMBINE_HIDPI_IMAGES</key>
					<string>YES</string>
					<key>COPY_PHASE_STRIP</key>
					<string>NO</string>
					<key>FRAMEWORK_SEARCH_PATHS</key>
					<array>
						<string>$(inherited)</string>
						<string>$(FRAMEWORK_SEARCH_PATHS_QUOTED_FOR_TARGET_1)</string>
					</array>
					<key>FRAMEWORK_SEARCH_PATHS_QUOTED_FOR_TARGET_1</key>
					<string>"$(SRCROOT)/../../../../libs/glut/lib/osx"</string>
					<key>GCC_DYNAMIC_NO_PIC</key>
					<string>NO</string>
					<key>GCC_GENERATE_DEBUGGING_SYMBOLS</key>
					<string>YES</string>
					<key>GCC_MODEL_TUNING</key>
					<string>NONE</string>
					<key>ICON</key>
					<string>$(ICON_NAME_DEBUG)</string>
					<key>ICON_FILE</key>
					<string>$(ICON_FILE_PATH)$(ICON)</string>
					<key>INFOPLIST_FILE</key>
					<string>openFrameworks-Info.plist</string>
					<key>INSTALL_PATH</key>
					<string>/Applications</string>
					<key>LIBRARY_SEARCH_PATHS</key>
					<string>$(inherited)</string>
					<key>PRODUCT_NAME</key>
					<string>$(TARGET_NAME)Debug</string>
					<key>WRAPPER_EXTENSION</key>
					<string>app</string>
				</dict>
				<key>isa</key>
				<string>XCBuildConfiguration</string>
				<key>name</key>
				<string>Debug</string>
			</dict>
			<key>E4B69B610A3A1757003C02F2</key>
			<dict>
				<key>baseConfigurationReference</key>
				<string>E4EB6923138AFD0F00A09F29</string>
				<key>buildSettings</key>
				<dict>
					<key>HEADER_SEARCH_PATHS</key>
					<array>
						<string>$(OF_CORE_HEADERS)</string>
						<string>src</string>
						<string>../../../../addons/ofxAVUI/src</string>
						<string>../../../../addons/ofxAVUI/src/UI</string>
						<string>../../../../addons/ofxAVUI/src/audio</string>
						<string>../../../../addons/ofxAVUI/src/visual</string>
						<string>../../../../addons/ofxMaxim/libs</string>
						<string>../../../../addons/ofxMaxim/src</string>
						<string>../../../../addons/ofxOsc/libs</string>
						<string>../../../../addons/ofxOsc/libs/oscpack</string>
						<string>../../../../addons/ofxOsc/libs/oscpack/src</string>
						<string>../../../../addons/ofxOsc/libs/oscpack/src/ip</string>
						<string>../../../../addons/ofxOsc/libs/oscpack/src/ip/posix</string>
						<string>../../../../addons/ofxOsc/libs/oscpack/src/ip/win32</string>
						<string>../../../../addons/ofxOsc/libs/oscpack/src/osc</string>
						<string>../../../../addons/ofxOsc/src</string>
					</array>
					<key>COMBINE_HIDPI_IMAGES</key>
					<string>YES</string>
					<key>COPY_PHASE_STRIP</key>
					<string>YES</string>
					<key>FRAMEWORK_SEARCH_PATHS</key>
					<array>
						<string>$(inherited)</string>
						<string>$(FRAMEWORK_SEARCH_PATHS_QUOTED_FOR_TARGET_1)</string>
					</array>
					<key>FRAMEWORK_SEARCH_PATHS_QUOTED_FOR_TARGET_1</key>
					<string>"$(SRCROOT)/../../../../libs/glut/lib/osx"</string>
					<key>GCC_GENERATE_DEBUGGING_SYMBOLS</key>
					<string>YES</string>
					<key>GCC_MODEL_TUNING</key>
					<string>NONE</string>
					<key>ICON</key>
					<string>$(ICON_NAME_RELEASE)</string>
					<key>ICON_FILE</key>
					<string>$(ICON_FILE_PATH)$(ICON)</string>
					<key>INFOPLIST_FILE</key>
					<string>openFrameworks-Info.plist</string>
					<key>INSTALL_PATH</key>
					<string>/Applications</string>
					<key>LIBRARY_SEARCH_PATHS</key>
					<string>$(inherited)</string>
					<key>PRODUCT_NAME</key>
					<string>$(TARGET_NAME)</string>
					<key>WRAPPER_EXTENSION</key>
					<string>app</string>
					<key>baseConfigurationReference</key>
					<string>E4EB6923138AFD0F00A09F29</string>
				</dict>
				<key>isa</key>
				<string>XCBuildConfiguration</string>
				<key>name</key>
				<string>Release</string>
			</dict>
			<key>E4B69E1C0A3A1BDC003C02F2</key>
			<dict>
				<key>children</key>
				<array>
					<string>E4B69E1D0A3A1BDC003C02F2</string>
					<string>E4B69E1E0A3A1BDC003C02F2</string>
					<string>E4B69E1F0A3A1BDC003C02F2</string>
				</array>
				<key>isa</key>
				<string>PBXGroup</string>
				<key>path</key>
				<string>src</string>
				<key>sourceTree</key>
				<string>SOURCE_ROOT</string>
			</dict>
			<key>E4B69E1D0A3A1BDC003C02F2</key>
			<dict>
				<key>fileEncoding</key>
				<string>30</string>
				<key>isa</key>
				<string>PBXFileReference</string>
				<key>lastKnownFileType</key>
				<string>sourcecode.cpp.cpp</string>
				<key>name</key>
				<string>main.cpp</string>
				<key>path</key>
				<string>src/main.cpp</string>
				<key>sourceTree</key>
				<string>SOURCE_ROOT</string>
			</dict>
			<key>E4B69E1E0A3A1BDC003C02F2</key>
			<dict>
				<key>explicitFileType</key>
				<string>sourcecode.cpp.cpp</string>
				<key>fileEncoding</key>
				<string>30</string>
				<key>isa</key>
				<string>PBXFileReference</string>
				<key>name</key>
				<string>ofApp.cpp</string>
				<key>path</key>
				<string>src/ofApp.cpp</string>
				<key>sourceTree</key>
				<string>SOURCE_ROOT</string>
			</dict>
			<key>E4B69E1F0A3A1BDC003C02F2</key>
			<dict>
				<key>fileEncoding</key>
				<string>30</string>
				<key>isa</key>
				<string>PBXFileReference</string>
				<key>lastKnownFileType</key>
				<string>sourcecode.c.h</string>
				<key>name</key>
				<string>ofApp.h</string>
				<key>path</key>
				<string>src/ofApp.h</string>
				<key>sourceTree</key>
				<string>SOURCE_ROOT</string>
			</dict>
			<key>E4B69E200A3A1BDC003C02F2</key>
			<dict>
				<key>fileRef</key>
				<string>E4B69E1D0A3A1BDC003C02F2</string>
				<key>isa</key>
				<string>PBXBuildFile</string>
			</dict>
			<key>E4B69E210A3A1BDC003C02F2</key>
			<dict>
				<key>fileRef</key>
				<string>E4B69E1E0A3A1BDC003C02F2</string>
				<key>isa</key>
				<string>PBXBuildFile</string>
			</dict>
			<key>E4B6FCAD0C3E899E008CF71C</key>
			<dict>
				<key>fileEncoding</key>
				<string>30</string>
				<key>isa</key>
				<string>PBXFileReference</string>
				<key>lastKnownFileType</key>
				<string>text.plist.xml</string>
				<key>path</key>
				<string>openFrameworks-Info.plist</string>
				<key>sourceTree</key>
				<string>&lt;group&gt;</string>
			</dict>
			<key>E4B6FFFD0C3F9AB9008CF71C</key>
			<dict>
				<key>buildActionMask</key>
				<string>2147483647</string>
				<key>files</key>
				<array />
				<key>inputPaths</key>
				<array />
				<key>isa</key>
				<string>PBXShellScriptBuildPhase</string>
				<key>outputPaths</key>
				<array />
				<key>runOnlyForDeploymentPostprocessing</key>
				<string>0</string>
				<key>shellPath</key>
				<string>/bin/sh</string>
				<key>shellScript</key>
				<string>mkdir -p "$TARGET_BUILD_DIR/$PRODUCT_NAME.app/Contents/Resources/"
# Copy default icon file into App/Resources
rsync -aved "$ICON_FILE" "$TARGET_BUILD_DIR/$PRODUCT_NAME.app/Contents/Resources/"
# Copy libfmod and change install directory for fmod to run
rsync -aved ../../../../libs/fmodex/lib/osx/libfmodex.dylib "$TARGET_BUILD_DIR/$PRODUCT_NAME.app/Contents/Frameworks/";
install_name_tool -change @executable_path/libfmodex.dylib @executable_path/../Frameworks/libfmodex.dylib "$TARGET_BUILD_DIR/$PRODUCT_NAME.app/Contents/MacOS/$PRODUCT_NAME";
# Copy GLUT framework (must remove for AppStore submissions)
rsync -aved ../../../../libs/glut/lib/osx/GLUT.framework "$TARGET_BUILD_DIR/$PRODUCT_NAME.app/Contents/Frameworks/"
</string>
			</dict>
			<key>E4C2427710CC5ABF004149E2</key>
			<dict>
				<key>buildActionMask</key>
				<string>2147483647</string>
				<key>dstPath</key>
				<string />
				<key>dstSubfolderSpec</key>
				<string>10</string>
				<key>files</key>
				<array />
				<key>isa</key>
				<string>PBXCopyFilesBuildPhase</string>
				<key>runOnlyForDeploymentPostprocessing</key>
				<string>0</string>
			</dict>
			<key>E4EB691F138AFCF100A09F29</key>
			<dict>
				<key>fileEncoding</key>
				<string>4</string>
				<key>isa</key>
				<string>PBXFileReference</string>
				<key>lastKnownFileType</key>
				<string>text.xcconfig</string>
				<key>name</key>
				<string>CoreOF.xcconfig</string>
				<key>path</key>
				<string>../../../../libs/openFrameworksCompiled/project/osx/CoreOF.xcconfig</string>
				<key>sourceTree</key>
				<string>SOURCE_ROOT</string>
			</dict>
			<key>E4EB6923138AFD0F00A09F29</key>
			<dict>
				<key>fileEncoding</key>
				<string>4</string>
				<key>isa</key>
				<string>PBXFileReference</string>
				<key>lastKnownFileType</key>
				<string>text.xcconfig</string>
				<key>path</key>
				<string>Project.xcconfig</string>
				<key>sourceTree</key>
				<string>&lt;group&gt;</string>
			</dict>
			<key>E4EEB9AB138B136A00A80321</key>
			<dict>
				<key>containerPortal</key>
				<string>E4328143138ABC890047C5CB</string>
				<key>isa</key>
				<string>PBXContainerItemProxy</string>
				<key>proxyType</key>
				<string>1</string>
				<key>remoteGlobalIDString</key>
				<string>E4B27C1410CBEB8E00536013</string>
				<key>remoteInfo</key>
				<string>openFrameworks</string>
			</dict>
			<key>E4EEB9AC138B136A00A80321</key>
			<dict>
				<key>isa</key>
				<string>PBXTargetDependency</string>
				<key>name</key>
				<string>openFrameworks</string>
				<key>targetProxy</key>
				<string>E4EEB9AB138B136A00A80321</string>
			</dict>
			<key>E4EEC9E9138DF44700A80321</key>
			<dict>
				<key>children</key>
				<array>
					<string>E4EB691F138AFCF100A09F29</string>
					<string>E4328143138ABC890047C5CB</string>
				</array>
				<key>isa</key>
				<string>PBXGroup</string>
				<key>name</key>
				<string>openFrameworks</string>
				<key>sourceTree</key>
				<string>&lt;group&gt;</string>
			</dict>
		</dict>
		<key>rootObject</key>
		<string>E4B69B4C0A3A1720003C02F2</string>
	</dict>
</plist>
